// !$*UTF8*$!
{
	archiveVersion = 1;
	classes = {
	};
	objectVersion = 77;
	objects = {

/* Begin PBXBuildFile section */
		150DB7F32F459FE8008209A1 /* IllustrationAmountRangeChartCell.swift in Sources */ = {isa = PBXBuildFile; fileRef = 150DB7F12F459FE8008209A1 /* IllustrationAmountRangeChartCell.swift */; };
		150DB7F42F459FE8008209A1 /* IllustrationTimeChartCell.swift in Sources */ = {isa = PBXBuildFile; fileRef = 150DB7F22F459FE8008209A1 /* IllustrationTimeChartCell.swift */; };
		150DB7F52F459FE8008209A1 /* IllustrationAmountRangeChartCell.swift in Sources */ = {isa = PBXBuildFile; fileRef = 150DB7F12F459FE8008209A1 /* IllustrationAmountRangeChartCell.swift */; };
		150DB7F62F459FE8008209A1 /* IllustrationTimeChartCell.swift in Sources */ = {isa = PBXBuildFile; fileRef = 150DB7F22F459FE8008209A1 /* IllustrationTimeChartCell.swift */; };
		150DB7F72F459FE8008209A1 /* IllustrationAmountRangeChartCell.swift in Sources */ = {isa = PBXBuildFile; fileRef = 150DB7F12F459FE8008209A1 /* IllustrationAmountRangeChartCell.swift */; };
		150DB7F82F459FE8008209A1 /* IllustrationTimeChartCell.swift in Sources */ = {isa = PBXBuildFile; fileRef = 150DB7F22F459FE8008209A1 /* IllustrationTimeChartCell.swift */; };
		156C1AE72F348E2D00F0C0A9 /* TipCalculator.xcdatamodeld in Sources */ = {isa = PBXBuildFile; fileRef = 156C1AE52F348E2D00F0C0A9 /* TipCalculator.xcdatamodeld */; };
		156C1AE82F348E2D00F0C0A9 /* TipCalculator.xcdatamodeld in Sources */ = {isa = PBXBuildFile; fileRef = 156C1AE52F348E2D00F0C0A9 /* TipCalculator.xcdatamodeld */; };
		156C1AE92F348E2D00F0C0A9 /* TipCalculator.xcdatamodeld in Sources */ = {isa = PBXBuildFile; fileRef = 156C1AE52F348E2D00F0C0A9 /* TipCalculator.xcdatamodeld */; };
		156C1AEC2F348F2C00F0C0A9 /* ConsumptionRecord+CoreDataClass.swift in Sources */ = {isa = PBXBuildFile; fileRef = 156C1AEA2F348F2C00F0C0A9 /* ConsumptionRecord+CoreDataClass.swift */; };
		156C1AED2F348F2C00F0C0A9 /* ConsumptionRecord+CoreDataProperties.swift in Sources */ = {isa = PBXBuildFile; fileRef = 156C1AEB2F348F2C00F0C0A9 /* ConsumptionRecord+CoreDataProperties.swift */; };
		156C1AEE2F348F2C00F0C0A9 /* ConsumptionRecord+CoreDataClass.swift in Sources */ = {isa = PBXBuildFile; fileRef = 156C1AEA2F348F2C00F0C0A9 /* ConsumptionRecord+CoreDataClass.swift */; };
		156C1AEF2F348F2C00F0C0A9 /* ConsumptionRecord+CoreDataProperties.swift in Sources */ = {isa = PBXBuildFile; fileRef = 156C1AEB2F348F2C00F0C0A9 /* ConsumptionRecord+CoreDataProperties.swift */; };
		156C1AF02F348F2C00F0C0A9 /* ConsumptionRecord+CoreDataClass.swift in Sources */ = {isa = PBXBuildFile; fileRef = 156C1AEA2F348F2C00F0C0A9 /* ConsumptionRecord+CoreDataClass.swift */; };
		156C1AF12F348F2C00F0C0A9 /* ConsumptionRecord+CoreDataProperties.swift in Sources */ = {isa = PBXBuildFile; fileRef = 156C1AEB2F348F2C00F0C0A9 /* ConsumptionRecord+CoreDataProperties.swift */; };
		156C1AFC2F34A39F00F0C0A9 /* ResultsFilterViewController.swift in Sources */ = {isa = PBXBuildFile; fileRef = 156C1AFB2F34A39F00F0C0A9 /* ResultsFilterViewController.swift */; };
		156C1AFD2F34A39F00F0C0A9 /* ResultsFilterViewController.swift in Sources */ = {isa = PBXBuildFile; fileRef = 156C1AFB2F34A39F00F0C0A9 /* ResultsFilterViewController.swift */; };
		156C1AFE2F34A39F00F0C0A9 /* ResultsFilterViewController.swift in Sources */ = {isa = PBXBuildFile; fileRef = 156C1AFB2F34A39F00F0C0A9 /* ResultsFilterViewController.swift */; };
		156C51562F3DD78E00F0C0A9 /* DGCharts in Frameworks */ = {isa = PBXBuildFile; productRef = 156C51552F3DD78E00F0C0A9 /* DGCharts */; };
		156C515A2F3DD8F500F0C0A9 /* MainIllustrationModel.swift in Sources */ = {isa = PBXBuildFile; fileRef = 156C51592F3DD8F500F0C0A9 /* MainIllustrationModel.swift */; };
		156C515B2F3DD8F500F0C0A9 /* MainIllustrationModel.swift in Sources */ = {isa = PBXBuildFile; fileRef = 156C51592F3DD8F500F0C0A9 /* MainIllustrationModel.swift */; };
		156C515C2F3DD8F500F0C0A9 /* MainIllustrationModel.swift in Sources */ = {isa = PBXBuildFile; fileRef = 156C51592F3DD8F500F0C0A9 /* MainIllustrationModel.swift */; };
		156C515F2F3DDAF700F0C0A9 /* MainIllustrationViewModel.swift in Sources */ = {isa = PBXBuildFile; fileRef = 156C515D2F3DDAF700F0C0A9 /* MainIllustrationViewModel.swift */; };
		156C51602F3DDAF700F0C0A9 /* MainIllustrationViewModel.swift in Sources */ = {isa = PBXBuildFile; fileRef = 156C515D2F3DDAF700F0C0A9 /* MainIllustrationViewModel.swift */; };
		156C51612F3DDAF700F0C0A9 /* MainIllustrationViewModel.swift in Sources */ = {isa = PBXBuildFile; fileRef = 156C515D2F3DDAF700F0C0A9 /* MainIllustrationViewModel.swift */; };
		156C51662F3DDB0000F0C0A9 /* IllustrationSectionHeaderView.swift in Sources */ = {isa = PBXBuildFile; fileRef = 156C51632F3DDB0000F0C0A9 /* IllustrationSectionHeaderView.swift */; };
		156C51692F3DDB0000F0C0A9 /* IllustrationSectionHeaderView.swift in Sources */ = {isa = PBXBuildFile; fileRef = 156C51632F3DDB0000F0C0A9 /* IllustrationSectionHeaderView.swift */; };
		156C516C2F3DDB0000F0C0A9 /* IllustrationSectionHeaderView.swift in Sources */ = {isa = PBXBuildFile; fileRef = 156C51632F3DDB0000F0C0A9 /* IllustrationSectionHeaderView.swift */; };
		156C51742F3DE20000F0C0A9 /* IllustrationFilterHeaderView.swift in Sources */ = {isa = PBXBuildFile; fileRef = 156C51752F3DE20000F0C0A9 /* IllustrationFilterHeaderView.swift */; };
		156C51922F3E700000F0C0A9 /* KPICardCell.swift in Sources */ = {isa = PBXBuildFile; fileRef = 156C51902F3E700000F0C0A9 /* KPICardCell.swift */; };
		156C51932F3E700000F0C0A9 /* KPICardCell.swift in Sources */ = {isa = PBXBuildFile; fileRef = 156C51902F3E700000F0C0A9 /* KPICardCell.swift */; };
		156C51942F3E700000F0C0A9 /* KPICardCell.swift in Sources */ = {isa = PBXBuildFile; fileRef = 156C51902F3E700000F0C0A9 /* KPICardCell.swift */; };
		156C51952F3E700000F0C0A9 /* KPICarouselCell.swift in Sources */ = {isa = PBXBuildFile; fileRef = 156C51912F3E700000F0C0A9 /* KPICarouselCell.swift */; };
		156C51962F3E700000F0C0A9 /* KPICarouselCell.swift in Sources */ = {isa = PBXBuildFile; fileRef = 156C51912F3E700000F0C0A9 /* KPICarouselCell.swift */; };
		156C51972F3E700000F0C0A9 /* KPICarouselCell.swift in Sources */ = {isa = PBXBuildFile; fileRef = 156C51912F3E700000F0C0A9 /* KPICarouselCell.swift */; };
		156C5BEA2F3ED53500F0C0A9 /* IllustrationFilterHeaderView.swift in Sources */ = {isa = PBXBuildFile; fileRef = 156C51752F3DE20000F0C0A9 /* IllustrationFilterHeaderView.swift */; };
		156C5BEB2F3ED53500F0C0A9 /* IllustrationFilterHeaderView.swift in Sources */ = {isa = PBXBuildFile; fileRef = 156C51752F3DE20000F0C0A9 /* IllustrationFilterHeaderView.swift */; };
		156C5C682F3ED5A500F0C0A9 /* ChartDetailViewController.swift in Sources */ = {isa = PBXBuildFile; fileRef = 156C5C672F3ED5A500F0C0A9 /* ChartDetailViewController.swift */; };
		156C5C692F3ED5A500F0C0A9 /* ChartDetailViewController.swift in Sources */ = {isa = PBXBuildFile; fileRef = 156C5C672F3ED5A500F0C0A9 /* ChartDetailViewController.swift */; };
		156C5C6A2F3ED5A500F0C0A9 /* ChartDetailViewController.swift in Sources */ = {isa = PBXBuildFile; fileRef = 156C5C672F3ED5A500F0C0A9 /* ChartDetailViewController.swift */; };
		156C6F172F3581FF00F0C0A9 /* ResultsFilterViewModel.swift in Sources */ = {isa = PBXBuildFile; fileRef = 156C6F152F3581FF00F0C0A9 /* ResultsFilterViewModel.swift */; };
		156C6F182F3581FF00F0C0A9 /* ResultsFilterViewModel.swift in Sources */ = {isa = PBXBuildFile; fileRef = 156C6F152F3581FF00F0C0A9 /* ResultsFilterViewModel.swift */; };
		156C6F192F3581FF00F0C0A9 /* ResultsFilterViewModel.swift in Sources */ = {isa = PBXBuildFile; fileRef = 156C6F152F3581FF00F0C0A9 /* ResultsFilterViewModel.swift */; };
		156C6FAC2F35CABB00F0C0A9 /* ResultsFilterCell.swift in Sources */ = {isa = PBXBuildFile; fileRef = 156C6FAA2F35CABB00F0C0A9 /* ResultsFilterCell.swift */; };
		156C6FAD2F35CABB00F0C0A9 /* ResultsFilterCell.swift in Sources */ = {isa = PBXBuildFile; fileRef = 156C6FAA2F35CABB00F0C0A9 /* ResultsFilterCell.swift */; };
		156C6FAE2F35CABB00F0C0A9 /* ResultsFilterCell.swift in Sources */ = {isa = PBXBuildFile; fileRef = 156C6FAA2F35CABB00F0C0A9 /* ResultsFilterCell.swift */; };
		156C6FB02F35CB4C00F0C0A9 /* ResultDetailViewController.swift in Sources */ = {isa = PBXBuildFile; fileRef = 156C6FAF2F35CB4C00F0C0A9 /* ResultDetailViewController.swift */; };
		156C6FB12F35CB4C00F0C0A9 /* ResultDetailViewController.swift in Sources */ = {isa = PBXBuildFile; fileRef = 156C6FAF2F35CB4C00F0C0A9 /* ResultDetailViewController.swift */; };
		156C6FB22F35CB4C00F0C0A9 /* ResultDetailViewController.swift in Sources */ = {isa = PBXBuildFile; fileRef = 156C6FAF2F35CB4C00F0C0A9 /* ResultDetailViewController.swift */; };
		156C6FB72F35EA7A00F0C0A9 /* ResultDeetailTableViewCell.swift in Sources */ = {isa = PBXBuildFile; fileRef = 156C6FB62F35EA7A00F0C0A9 /* ResultDeetailTableViewCell.swift */; };
		156C6FB82F35EA7A00F0C0A9 /* ResultDeetailTableViewCell.swift in Sources */ = {isa = PBXBuildFile; fileRef = 156C6FB62F35EA7A00F0C0A9 /* ResultDeetailTableViewCell.swift */; };
		156C6FB92F35EA7A00F0C0A9 /* ResultDeetailTableViewCell.swift in Sources */ = {isa = PBXBuildFile; fileRef = 156C6FB62F35EA7A00F0C0A9 /* ResultDeetailTableViewCell.swift */; };
		156C6FBB2F35F28700F0C0A9 /* ResultDetailLocationCell.swift in Sources */ = {isa = PBXBuildFile; fileRef = 156C6FBA2F35F28700F0C0A9 /* ResultDetailLocationCell.swift */; };
		156C6FBC2F35F28700F0C0A9 /* ResultDetailLocationCell.swift in Sources */ = {isa = PBXBuildFile; fileRef = 156C6FBA2F35F28700F0C0A9 /* ResultDetailLocationCell.swift */; };
		156C6FBD2F35F28700F0C0A9 /* ResultDetailLocationCell.swift in Sources */ = {isa = PBXBuildFile; fileRef = 156C6FBA2F35F28700F0C0A9 /* ResultDetailLocationCell.swift */; };
		156C71222F3998A700F0C0A9 /* MainBaseViewcontroller.swift in Sources */ = {isa = PBXBuildFile; fileRef = 156C71212F3998A700F0C0A9 /* MainBaseViewcontroller.swift */; };
		156C71232F3998A700F0C0A9 /* MainBaseViewcontroller.swift in Sources */ = {isa = PBXBuildFile; fileRef = 156C71212F3998A700F0C0A9 /* MainBaseViewcontroller.swift */; };
		156C71242F3998A700F0C0A9 /* MainBaseViewcontroller.swift in Sources */ = {isa = PBXBuildFile; fileRef = 156C71212F3998A700F0C0A9 /* MainBaseViewcontroller.swift */; };
		156C71262F3998E400F0C0A9 /* BaseViewController.swift in Sources */ = {isa = PBXBuildFile; fileRef = 156C71252F3998E400F0C0A9 /* BaseViewController.swift */; };
		156C71272F3998E400F0C0A9 /* BaseViewController.swift in Sources */ = {isa = PBXBuildFile; fileRef = 156C71252F3998E400F0C0A9 /* BaseViewController.swift */; };
		156C71282F3998E400F0C0A9 /* BaseViewController.swift in Sources */ = {isa = PBXBuildFile; fileRef = 156C71252F3998E400F0C0A9 /* BaseViewController.swift */; };
		156C71302F39B90300F0C0A9 /* RecordFilterOption.swift in Sources */ = {isa = PBXBuildFile; fileRef = 156C712D2F39B90000F0C0A9 /* RecordFilterOption.swift */; };
		156C71312F39B90300F0C0A9 /* DateCapsuleCell.swift in Sources */ = {isa = PBXBuildFile; fileRef = 156C712E2F39B90100F0C0A9 /* DateCapsuleCell.swift */; };
		156C71322F39B90300F0C0A9 /* RecordFilterHeaderView.swift in Sources */ = {isa = PBXBuildFile; fileRef = 156C712F2F39B90200F0C0A9 /* RecordFilterHeaderView.swift */; };
		156C73F32F39D69600F0C0A9 /* PerCapitaRecordCell.swift in Sources */ = {isa = PBXBuildFile; fileRef = 156C73F22F39D69600F0C0A9 /* PerCapitaRecordCell.swift */; };
		156C73F42F39D69600F0C0A9 /* PerCapitaRecordCell.swift in Sources */ = {isa = PBXBuildFile; fileRef = 156C73F22F39D69600F0C0A9 /* PerCapitaRecordCell.swift */; };
		156C73F52F39D69600F0C0A9 /* PerCapitaRecordCell.swift in Sources */ = {isa = PBXBuildFile; fileRef = 156C73F22F39D69600F0C0A9 /* PerCapitaRecordCell.swift */; };
		156C73FB2F39D99400F0C0A9 /* MainUserInfoViewModel.swift in Sources */ = {isa = PBXBuildFile; fileRef = 156C73FA2F39D99400F0C0A9 /* MainUserInfoViewModel.swift */; };
		156C73FC2F39D99400F0C0A9 /* MainUserInfoViewModel.swift in Sources */ = {isa = PBXBuildFile; fileRef = 156C73FA2F39D99400F0C0A9 /* MainUserInfoViewModel.swift */; };
		156C73FD2F39D99400F0C0A9 /* MainUserInfoViewModel.swift in Sources */ = {isa = PBXBuildFile; fileRef = 156C73FA2F39D99400F0C0A9 /* MainUserInfoViewModel.swift */; };
		156C747A2F3B38CE00F0C0A9 /* ResultDetailViewModel.swift in Sources */ = {isa = PBXBuildFile; fileRef = 156C74792F3B38CE00F0C0A9 /* ResultDetailViewModel.swift */; };
		156C747B2F3B38CE00F0C0A9 /* ResultDetailViewModel.swift in Sources */ = {isa = PBXBuildFile; fileRef = 156C74792F3B38CE00F0C0A9 /* ResultDetailViewModel.swift */; };
		156C747C2F3B38CE00F0C0A9 /* ResultDetailViewModel.swift in Sources */ = {isa = PBXBuildFile; fileRef = 156C74792F3B38CE00F0C0A9 /* ResultDetailViewModel.swift */; };
		156C74B22F35853400F0C0A9 /* ResultsFilterModel.swift in Sources */ = {isa = PBXBuildFile; fileRef = 156C74B12F35853400F0C0A9 /* ResultsFilterModel.swift */; };
		156C74B32F35853400F0C0A9 /* ResultsFilterModel.swift in Sources */ = {isa = PBXBuildFile; fileRef = 156C74B12F35853400F0C0A9 /* ResultsFilterModel.swift */; };
		156C74B42F35853400F0C0A9 /* ResultsFilterModel.swift in Sources */ = {isa = PBXBuildFile; fileRef = 156C74B12F35853400F0C0A9 /* ResultsFilterModel.swift */; };
		156C74FF2F3C000100F0C0A9 /* RecordSectionHeaderView.swift in Sources */ = {isa = PBXBuildFile; fileRef = 156C74FE2F3C000100F0C0A9 /* RecordSectionHeaderView.swift */; };
		156C75002F3C000100F0C0A9 /* RecordSectionHeaderView.swift in Sources */ = {isa = PBXBuildFile; fileRef = 156C74FE2F3C000100F0C0A9 /* RecordSectionHeaderView.swift */; };
		156C75012F3C000100F0C0A9 /* RecordSectionHeaderView.swift in Sources */ = {isa = PBXBuildFile; fileRef = 156C74FE2F3C000100F0C0A9 /* RecordSectionHeaderView.swift */; };
		156CCFDC2F3C889C00F0C0A9 /* MainIllustrationViewController.swift in Sources */ = {isa = PBXBuildFile; fileRef = 156CCFDB2F3C889C00F0C0A9 /* MainIllustrationViewController.swift */; };
		156CCFDD2F3C889C00F0C0A9 /* MainIllustrationViewController.swift in Sources */ = {isa = PBXBuildFile; fileRef = 156CCFDB2F3C889C00F0C0A9 /* MainIllustrationViewController.swift */; };
		156CCFDE2F3C889C00F0C0A9 /* MainIllustrationViewController.swift in Sources */ = {isa = PBXBuildFile; fileRef = 156CCFDB2F3C889C00F0C0A9 /* MainIllustrationViewController.swift */; };
		157579C82F444C2500DE7163 /* ResultDetailImageValueCell.swift in Sources */ = {isa = PBXBuildFile; fileRef = 157579C72F444C2500DE7163 /* ResultDetailImageValueCell.swift */; };
		157579C92F444C2500DE7163 /* ResultDetailImageValueCell.swift in Sources */ = {isa = PBXBuildFile; fileRef = 157579C72F444C2500DE7163 /* ResultDetailImageValueCell.swift */; };
		157579CA2F444C2500DE7163 /* ResultDetailImageValueCell.swift in Sources */ = {isa = PBXBuildFile; fileRef = 157579C72F444C2500DE7163 /* ResultDetailImageValueCell.swift */; };
		157A6E492F343524005D8554 /* MainTabBarViewController.swift in Sources */ = {isa = PBXBuildFile; fileRef = 157A6E482F343524005D8554 /* MainTabBarViewController.swift */; };
		157A6E4A2F343524005D8554 /* MainTabBarViewController.swift in Sources */ = {isa = PBXBuildFile; fileRef = 157A6E482F343524005D8554 /* MainTabBarViewController.swift */; };
		157A6E4B2F343524005D8554 /* MainTabBarViewController.swift in Sources */ = {isa = PBXBuildFile; fileRef = 157A6E482F343524005D8554 /* MainTabBarViewController.swift */; };
		157A6E4F2F343658005D8554 /* MainUserInfoViewController.swift in Sources */ = {isa = PBXBuildFile; fileRef = 157A6E4E2F343658005D8554 /* MainUserInfoViewController.swift */; };
		157A6E502F343658005D8554 /* MainUserInfoViewController.swift in Sources */ = {isa = PBXBuildFile; fileRef = 157A6E4E2F343658005D8554 /* MainUserInfoViewController.swift */; };
		157A6E512F343658005D8554 /* MainUserInfoViewController.swift in Sources */ = {isa = PBXBuildFile; fileRef = 157A6E4E2F343658005D8554 /* MainUserInfoViewController.swift */; };
		157A6E522F343600005D8555 /* MainTabBarTab.swift in Sources */ = {isa = PBXBuildFile; fileRef = 157A6E532F343600005D8555 /* MainTabBarTab.swift */; };
		157A6E542F343600005D8556 /* MainTabBarTab.swift in Sources */ = {isa = PBXBuildFile; fileRef = 157A6E532F343600005D8555 /* MainTabBarTab.swift */; };
		157A6E552F343600005D8557 /* MainTabBarTab.swift in Sources */ = {isa = PBXBuildFile; fileRef = 157A6E532F343600005D8555 /* MainTabBarTab.swift */; };
		157A6E562F343700005D8558 /* TabBarBadgePublisher.swift in Sources */ = {isa = PBXBuildFile; fileRef = 157A6E572F343700005D8558 /* TabBarBadgePublisher.swift */; };
		157A6E582F343700005D8559 /* TabBarBadgePublisher.swift in Sources */ = {isa = PBXBuildFile; fileRef = 157A6E572F343700005D8558 /* TabBarBadgePublisher.swift */; };
		157A6E592F343700005D855A /* TabBarBadgePublisher.swift in Sources */ = {isa = PBXBuildFile; fileRef = 157A6E572F343700005D8558 /* TabBarBadgePublisher.swift */; };
		157A6E5B2F347015005D8554 /* TotalResultViewController.swift in Sources */ = {isa = PBXBuildFile; fileRef = 157A6E5A2F347015005D8554 /* TotalResultViewController.swift */; };
		157A6E5C2F347015005D8554 /* TotalResultViewController.swift in Sources */ = {isa = PBXBuildFile; fileRef = 157A6E5A2F347015005D8554 /* TotalResultViewController.swift */; };
		157A6E5D2F347015005D8554 /* TotalResultViewController.swift in Sources */ = {isa = PBXBuildFile; fileRef = 157A6E5A2F347015005D8554 /* TotalResultViewController.swift */; };
		157A6E602F347B64005D8554 /* TotalResultsCell.swift in Sources */ = {isa = PBXBuildFile; fileRef = 157A6E5F2F347B64005D8554 /* TotalResultsCell.swift */; };
		157A6E612F347B64005D8554 /* TotalResultsCell.swift in Sources */ = {isa = PBXBuildFile; fileRef = 157A6E5F2F347B64005D8554 /* TotalResultsCell.swift */; };
		157A6E622F347B64005D8554 /* TotalResultsCell.swift in Sources */ = {isa = PBXBuildFile; fileRef = 157A6E5F2F347B64005D8554 /* TotalResultsCell.swift */; };
		157A6E652F347DDA005D8554 /* TotalResultViewModel.swift in Sources */ = {isa = PBXBuildFile; fileRef = 157A6E632F347DDA005D8554 /* TotalResultViewModel.swift */; };
		157A6E662F347DDA005D8554 /* TotalResultViewModel.swift in Sources */ = {isa = PBXBuildFile; fileRef = 157A6E632F347DDA005D8554 /* TotalResultViewModel.swift */; };
		157A6E672F347DDA005D8554 /* TotalResultViewModel.swift in Sources */ = {isa = PBXBuildFile; fileRef = 157A6E632F347DDA005D8554 /* TotalResultViewModel.swift */; };
		15C22DA12D95A2B300270813 /* CombineCocoa in Frameworks */ = {isa = PBXBuildFile; productRef = 15C22DA02D95A2B300270813 /* CombineCocoa */; };
		15C22DA42D95A2CE00270813 /* SnapKit in Frameworks */ = {isa = PBXBuildFile; productRef = 15C22DA32D95A2CE00270813 /* SnapKit */; };
		15C22DA72D95A2E700270813 /* CombineCocoa in Frameworks */ = {isa = PBXBuildFile; productRef = 15C22DA62D95A2E700270813 /* CombineCocoa */; };
		15C22DAA2D95A32E00270813 /* SnapshotTesting in Frameworks */ = {isa = PBXBuildFile; productRef = 15C22DA92D95A32E00270813 /* SnapshotTesting */; };
		15C22DAC2D95A33E00270813 /* CombineCocoa in Frameworks */ = {isa = PBXBuildFile; productRef = 15C22DAB2D95A33E00270813 /* CombineCocoa */; };
/* End PBXBuildFile section */

/* Begin PBXContainerItemProxy section */
		15C22D822D95A29A00270813 /* PBXContainerItemProxy */ = {
			isa = PBXContainerItemProxy;
			containerPortal = 15C22D632D95A29900270813 /* Project object */;
			proxyType = 1;
			remoteGlobalIDString = 15C22D6A2D95A29900270813;
			remoteInfo = "tip-calculator";
		};
		15C22D8C2D95A29A00270813 /* PBXContainerItemProxy */ = {
			isa = PBXContainerItemProxy;
			containerPortal = 15C22D632D95A29900270813 /* Project object */;
			proxyType = 1;
			remoteGlobalIDString = 15C22D6A2D95A29900270813;
			remoteInfo = "tip-calculator";
		};
/* End PBXContainerItemProxy section */

/* Begin PBXFileReference section */
		150DB7F12F459FE8008209A1 /* IllustrationAmountRangeChartCell.swift */ = {isa = PBXFileReference; lastKnownFileType = sourcecode.swift; path = IllustrationAmountRangeChartCell.swift; sourceTree = "<group>"; };
		150DB7F22F459FE8008209A1 /* IllustrationTimeChartCell.swift */ = {isa = PBXFileReference; lastKnownFileType = sourcecode.swift; path = IllustrationTimeChartCell.swift; sourceTree = "<group>"; };
		156C1AE62F348E2D00F0C0A9 /* TipCalculator.xcdatamodel */ = {isa = PBXFileReference; lastKnownFileType = wrapper.xcdatamodel; path = TipCalculator.xcdatamodel; sourceTree = "<group>"; };
		156C1AEA2F348F2C00F0C0A9 /* ConsumptionRecord+CoreDataClass.swift */ = {isa = PBXFileReference; lastKnownFileType = sourcecode.swift; path = "ConsumptionRecord+CoreDataClass.swift"; sourceTree = "<group>"; };
		156C1AEB2F348F2C00F0C0A9 /* ConsumptionRecord+CoreDataProperties.swift */ = {isa = PBXFileReference; lastKnownFileType = sourcecode.swift; path = "ConsumptionRecord+CoreDataProperties.swift"; sourceTree = "<group>"; };
		156C1AFB2F34A39F00F0C0A9 /* ResultsFilterViewController.swift */ = {isa = PBXFileReference; lastKnownFileType = sourcecode.swift; path = ResultsFilterViewController.swift; sourceTree = "<group>"; };
		156C51592F3DD8F500F0C0A9 /* MainIllustrationModel.swift */ = {isa = PBXFileReference; lastKnownFileType = sourcecode.swift; path = MainIllustrationModel.swift; sourceTree = "<group>"; };
		156C515D2F3DDAF700F0C0A9 /* MainIllustrationViewModel.swift */ = {isa = PBXFileReference; lastKnownFileType = sourcecode.swift; path = MainIllustrationViewModel.swift; sourceTree = "<group>"; };
		156C51632F3DDB0000F0C0A9 /* IllustrationSectionHeaderView.swift */ = {isa = PBXFileReference; lastKnownFileType = sourcecode.swift; path = IllustrationSectionHeaderView.swift; sourceTree = "<group>"; };
		156C51752F3DE20000F0C0A9 /* IllustrationFilterHeaderView.swift */ = {isa = PBXFileReference; lastKnownFileType = sourcecode.swift; path = IllustrationFilterHeaderView.swift; sourceTree = "<group>"; };
		156C51902F3E700000F0C0A9 /* KPICardCell.swift */ = {isa = PBXFileReference; lastKnownFileType = sourcecode.swift; path = KPICardCell.swift; sourceTree = "<group>"; };
		156C51912F3E700000F0C0A9 /* KPICarouselCell.swift */ = {isa = PBXFileReference; lastKnownFileType = sourcecode.swift; path = KPICarouselCell.swift; sourceTree = "<group>"; };
		156C5C672F3ED5A500F0C0A9 /* ChartDetailViewController.swift */ = {isa = PBXFileReference; lastKnownFileType = sourcecode.swift; path = ChartDetailViewController.swift; sourceTree = "<group>"; };
		156C6F152F3581FF00F0C0A9 /* ResultsFilterViewModel.swift */ = {isa = PBXFileReference; lastKnownFileType = sourcecode.swift; path = ResultsFilterViewModel.swift; sourceTree = "<group>"; };
		156C6FAA2F35CABB00F0C0A9 /* ResultsFilterCell.swift */ = {isa = PBXFileReference; lastKnownFileType = sourcecode.swift; path = ResultsFilterCell.swift; sourceTree = "<group>"; };
		156C6FAF2F35CB4C00F0C0A9 /* ResultDetailViewController.swift */ = {isa = PBXFileReference; lastKnownFileType = sourcecode.swift; path = ResultDetailViewController.swift; sourceTree = "<group>"; };
		156C6FB62F35EA7A00F0C0A9 /* ResultDeetailTableViewCell.swift */ = {isa = PBXFileReference; lastKnownFileType = sourcecode.swift; path = ResultDeetailTableViewCell.swift; sourceTree = "<group>"; };
		156C6FBA2F35F28700F0C0A9 /* ResultDetailLocationCell.swift */ = {isa = PBXFileReference; lastKnownFileType = sourcecode.swift; path = ResultDetailLocationCell.swift; sourceTree = "<group>"; };
		156C71212F3998A700F0C0A9 /* MainBaseViewcontroller.swift */ = {isa = PBXFileReference; lastKnownFileType = sourcecode.swift; path = MainBaseViewcontroller.swift; sourceTree = "<group>"; };
		156C71252F3998E400F0C0A9 /* BaseViewController.swift */ = {isa = PBXFileReference; lastKnownFileType = sourcecode.swift; path = BaseViewController.swift; sourceTree = "<group>"; };
		156C712D2F39B90000F0C0A9 /* RecordFilterOption.swift */ = {isa = PBXFileReference; lastKnownFileType = sourcecode.swift; path = RecordFilterOption.swift; sourceTree = "<group>"; };
		156C712E2F39B90100F0C0A9 /* DateCapsuleCell.swift */ = {isa = PBXFileReference; lastKnownFileType = sourcecode.swift; path = DateCapsuleCell.swift; sourceTree = "<group>"; };
		156C712F2F39B90200F0C0A9 /* RecordFilterHeaderView.swift */ = {isa = PBXFileReference; lastKnownFileType = sourcecode.swift; path = RecordFilterHeaderView.swift; sourceTree = "<group>"; };
		156C73F22F39D69600F0C0A9 /* PerCapitaRecordCell.swift */ = {isa = PBXFileReference; lastKnownFileType = sourcecode.swift; path = PerCapitaRecordCell.swift; sourceTree = "<group>"; };
		156C73FA2F39D99400F0C0A9 /* MainUserInfoViewModel.swift */ = {isa = PBXFileReference; lastKnownFileType = sourcecode.swift; path = MainUserInfoViewModel.swift; sourceTree = "<group>"; };
		156C74792F3B38CE00F0C0A9 /* ResultDetailViewModel.swift */ = {isa = PBXFileReference; lastKnownFileType = sourcecode.swift; path = ResultDetailViewModel.swift; sourceTree = "<group>"; };
		156C74B12F35853400F0C0A9 /* ResultsFilterModel.swift */ = {isa = PBXFileReference; lastKnownFileType = sourcecode.swift; path = ResultsFilterModel.swift; sourceTree = "<group>"; };
		156C74FE2F3C000100F0C0A9 /* RecordSectionHeaderView.swift */ = {isa = PBXFileReference; lastKnownFileType = sourcecode.swift; path = RecordSectionHeaderView.swift; sourceTree = "<group>"; };
		156CCFDB2F3C889C00F0C0A9 /* MainIllustrationViewController.swift */ = {isa = PBXFileReference; lastKnownFileType = sourcecode.swift; path = MainIllustrationViewController.swift; sourceTree = "<group>"; };
		157579C72F444C2500DE7163 /* ResultDetailImageValueCell.swift */ = {isa = PBXFileReference; lastKnownFileType = sourcecode.swift; path = ResultDetailImageValueCell.swift; sourceTree = "<group>"; };
		157A6E482F343524005D8554 /* MainTabBarViewController.swift */ = {isa = PBXFileReference; lastKnownFileType = sourcecode.swift; path = MainTabBarViewController.swift; sourceTree = "<group>"; };
		157A6E4E2F343658005D8554 /* MainUserInfoViewController.swift */ = {isa = PBXFileReference; lastKnownFileType = sourcecode.swift; path = MainUserInfoViewController.swift; sourceTree = "<group>"; };
		157A6E532F343600005D8555 /* MainTabBarTab.swift */ = {isa = PBXFileReference; lastKnownFileType = sourcecode.swift; path = MainTabBarTab.swift; sourceTree = "<group>"; };
		157A6E572F343700005D8558 /* TabBarBadgePublisher.swift */ = {isa = PBXFileReference; lastKnownFileType = sourcecode.swift; path = TabBarBadgePublisher.swift; sourceTree = "<group>"; };
		157A6E5A2F347015005D8554 /* TotalResultViewController.swift */ = {isa = PBXFileReference; lastKnownFileType = sourcecode.swift; path = TotalResultViewController.swift; sourceTree = "<group>"; };
		157A6E5F2F347B64005D8554 /* TotalResultsCell.swift */ = {isa = PBXFileReference; lastKnownFileType = sourcecode.swift; path = TotalResultsCell.swift; sourceTree = "<group>"; };
		157A6E632F347DDA005D8554 /* TotalResultViewModel.swift */ = {isa = PBXFileReference; lastKnownFileType = sourcecode.swift; path = TotalResultViewModel.swift; sourceTree = "<group>"; };
		15C22D6B2D95A29900270813 /* tip-calculator.app */ = {isa = PBXFileReference; explicitFileType = wrapper.application; includeInIndex = 0; path = "tip-calculator.app"; sourceTree = BUILT_PRODUCTS_DIR; };
		15C22D812D95A29A00270813 /* tip-calculatorTests.xctest */ = {isa = PBXFileReference; explicitFileType = wrapper.cfbundle; includeInIndex = 0; path = "tip-calculatorTests.xctest"; sourceTree = BUILT_PRODUCTS_DIR; };
		15C22D8B2D95A29A00270813 /* tip-calculatorUITests.xctest */ = {isa = PBXFileReference; explicitFileType = wrapper.cfbundle; includeInIndex = 0; path = "tip-calculatorUITests.xctest"; sourceTree = BUILT_PRODUCTS_DIR; };
/* End PBXFileReference section */

/* Begin PBXFileSystemSynchronizedBuildFileExceptionSet section */
		155DA6262DA5174200ACDC05 /* Exceptions for "tip-calculator" folder in "tip-calculatorUITests" target */ = {
			isa = PBXFileSystemSynchronizedBuildFileExceptionSet;
			membershipExceptions = (
				Config/APIKeyConfig.xcconfig,
				Factory/BaseResultInfoCell.swift,
				Model/ScreenIdentifier1.swift,
			);
			target = 15C22D8A2D95A29A00270813 /* tip-calculatorUITests */;
		};
		157A6E6C2F3483DD005D8554 /* Exceptions for "tip-calculator" folder in "tip-calculatorTests" target */ = {
			isa = PBXFileSystemSynchronizedBuildFileExceptionSet;
			membershipExceptions = (
				Config/APIKeyConfig.xcconfig,
				Factory/BaseResultInfoCell.swift,
			);
			target = 15C22D802D95A29A00270813 /* tip-calculatorTests */;
		};
		15C22D932D95A29A00270813 /* Exceptions for "tip-calculator" folder in "tip-calculator" target */ = {
			isa = PBXFileSystemSynchronizedBuildFileExceptionSet;
			membershipExceptions = (
				Info.plist,
			);
			target = 15C22D6A2D95A29900270813 /* tip-calculator */;
		};
/* End PBXFileSystemSynchronizedBuildFileExceptionSet section */

/* Begin PBXFileSystemSynchronizedRootGroup section */
		15C22D6D2D95A29900270813 /* tip-calculator */ = {
			isa = PBXFileSystemSynchronizedRootGroup;
			exceptions = (
				15C22D932D95A29A00270813 /* Exceptions for "tip-calculator" folder in "tip-calculator" target */,
				157A6E6C2F3483DD005D8554 /* Exceptions for "tip-calculator" folder in "tip-calculatorTests" target */,
				155DA6262DA5174200ACDC05 /* Exceptions for "tip-calculator" folder in "tip-calculatorUITests" target */,
			);
			path = "tip-calculator";
			sourceTree = "<group>";
		};
		15C22D842D95A29A00270813 /* tip-calculatorTests */ = {
			isa = PBXFileSystemSynchronizedRootGroup;
			path = "tip-calculatorTests";
			sourceTree = "<group>";
		};
		15C22D8E2D95A29A00270813 /* tip-calculatorUITests */ = {
			isa = PBXFileSystemSynchronizedRootGroup;
			path = "tip-calculatorUITests";
			sourceTree = "<group>";
		};
/* End PBXFileSystemSynchronizedRootGroup section */

/* Begin PBXFrameworksBuildPhase section */
		15C22D682D95A29900270813 /* Frameworks */ = {
			isa = PBXFrameworksBuildPhase;
			buildActionMask = 2147483647;
			files = (
				15C22DA12D95A2B300270813 /* CombineCocoa in Frameworks */,
				156C51562F3DD78E00F0C0A9 /* DGCharts in Frameworks */,
				15C22DA42D95A2CE00270813 /* SnapKit in Frameworks */,
			);
			runOnlyForDeploymentPostprocessing = 0;
		};
		15C22D7E2D95A29A00270813 /* Frameworks */ = {
			isa = PBXFrameworksBuildPhase;
			buildActionMask = 2147483647;
			files = (
				15C22DA72D95A2E700270813 /* CombineCocoa in Frameworks */,
				15C22DAA2D95A32E00270813 /* SnapshotTesting in Frameworks */,
			);
			runOnlyForDeploymentPostprocessing = 0;
		};
		15C22D882D95A29A00270813 /* Frameworks */ = {
			isa = PBXFrameworksBuildPhase;
			buildActionMask = 2147483647;
			files = (
				15C22DAC2D95A33E00270813 /* CombineCocoa in Frameworks */,
			);
			runOnlyForDeploymentPostprocessing = 0;
		};
/* End PBXFrameworksBuildPhase section */

/* Begin PBXGroup section */
		150DB7F92F46EEF0008209A1 /* View */ = {
			isa = PBXGroup;
			children = (
			);
			path = View;
			sourceTree = "<group>";
		};
		150DB7FA2F46F4F9008209A1 /* Chart */ = {
			isa = PBXGroup;
			children = (
				150DB7F12F459FE8008209A1 /* IllustrationAmountRangeChartCell.swift */,
				150DB7F22F459FE8008209A1 /* IllustrationTimeChartCell.swift */,
			);
			path = Chart;
			sourceTree = "<group>";
		};
		150DB7FC2F46FBF5008209A1 /* ViewModel */ = {
			isa = PBXGroup;
			children = (
			);
			path = ViewModel;
			sourceTree = "<group>";
		};
		156C1AF82F349DF600F0C0A9 /* CoreData */ = {
			isa = PBXGroup;
			children = (
				156C1AEA2F348F2C00F0C0A9 /* ConsumptionRecord+CoreDataClass.swift */,
				156C1AEB2F348F2C00F0C0A9 /* ConsumptionRecord+CoreDataProperties.swift */,
				156C1AE52F348E2D00F0C0A9 /* TipCalculator.xcdatamodeld */,
			);
			path = CoreData;
			sourceTree = "<group>";
		};
		156C1AF92F34A37C00F0C0A9 /* ResultsFilter */ = {
			isa = PBXGroup;
			children = (
				156C6FAB2F35CABB00F0C0A9 /* View */,
				156C6F1A2F35832200F0C0A9 /* Model */,
				156C6F162F3581FF00F0C0A9 /* ViewModel */,
				156C1AFA2F34A38B00F0C0A9 /* ViewController */,
			);
			path = ResultsFilter;
			sourceTree = "<group>";
		};
		156C1AFA2F34A38B00F0C0A9 /* ViewController */ = {
			isa = PBXGroup;
			children = (
				156C1AFB2F34A39F00F0C0A9 /* ResultsFilterViewController.swift */,
			);
			path = ViewController;
			sourceTree = "<group>";
		};
		156C51572F3DD8B500F0C0A9 /* View */ = {
			isa = PBXGroup;
			children = (
				150DB7FA2F46F4F9008209A1 /* Chart */,
				156CDEAB2F3EFD1D00F0C0A9 /* KPI */,
				156C51752F3DE20000F0C0A9 /* IllustrationFilterHeaderView.swift */,
				156C51632F3DDB0000F0C0A9 /* IllustrationSectionHeaderView.swift */,
			);
			path = View;
			sourceTree = "<group>";
		};
		156C51582F3DD8C700F0C0A9 /* Model */ = {
			isa = PBXGroup;
			children = (
				156C51592F3DD8F500F0C0A9 /* MainIllustrationModel.swift */,
			);
			path = Model;
			sourceTree = "<group>";
		};
		156C515E2F3DDAF700F0C0A9 /* ViewModel */ = {
			isa = PBXGroup;
			children = (
				156C515D2F3DDAF700F0C0A9 /* MainIllustrationViewModel.swift */,
			);
			path = ViewModel;
			sourceTree = "<group>";
		};
		156C5C652F3ED57800F0C0A9 /* ChartDetail */ = {
			isa = PBXGroup;
			children = (
				150DB7FC2F46FBF5008209A1 /* ViewModel */,
				150DB7F92F46EEF0008209A1 /* View */,
				156C5C662F3ED58500F0C0A9 /* ViewController */,
			);
			path = ChartDetail;
			sourceTree = "<group>";
		};
		156C5C662F3ED58500F0C0A9 /* ViewController */ = {
			isa = PBXGroup;
			children = (
				156C5C672F3ED5A500F0C0A9 /* ChartDetailViewController.swift */,
			);
			path = ViewController;
			sourceTree = "<group>";
		};
		156C6F162F3581FF00F0C0A9 /* ViewModel */ = {
			isa = PBXGroup;
			children = (
				156C6F152F3581FF00F0C0A9 /* ResultsFilterViewModel.swift */,
			);
			path = ViewModel;
			sourceTree = "<group>";
		};
		156C6F1A2F35832200F0C0A9 /* Model */ = {
			isa = PBXGroup;
			children = (
				156C74B12F35853400F0C0A9 /* ResultsFilterModel.swift */,
			);
			path = Model;
			sourceTree = "<group>";
		};
		156C6FAB2F35CABB00F0C0A9 /* View */ = {
			isa = PBXGroup;
			children = (
				156C6FAA2F35CABB00F0C0A9 /* ResultsFilterCell.swift */,
			);
			path = View;
			sourceTree = "<group>";
		};
		156C6FB32F35CDFD00F0C0A9 /* ResultDetail */ = {
			isa = PBXGroup;
			children = (
				156C74782F3B38AE00F0C0A9 /* ViewModel */,
				156C6FB52F35EA6000F0C0A9 /* View */,
				156C6FB42F35CE0900F0C0A9 /* ViewController */,
			);
			path = ResultDetail;
			sourceTree = "<group>";
		};
		156C6FB42F35CE0900F0C0A9 /* ViewController */ = {
			isa = PBXGroup;
			children = (
				156C6FAF2F35CB4C00F0C0A9 /* ResultDetailViewController.swift */,
			);
			path = ViewController;
			sourceTree = "<group>";
		};
		156C6FB52F35EA6000F0C0A9 /* View */ = {
			isa = PBXGroup;
			children = (
				157579C72F444C2500DE7163 /* ResultDetailImageValueCell.swift */,
				156C6FBA2F35F28700F0C0A9 /* ResultDetailLocationCell.swift */,
				156C6FB62F35EA7A00F0C0A9 /* ResultDeetailTableViewCell.swift */,
			);
			path = View;
			sourceTree = "<group>";
		};
		156C71202F39988600F0C0A9 /* BaseView */ = {
			isa = PBXGroup;
			children = (
				156C71212F3998A700F0C0A9 /* MainBaseViewcontroller.swift */,
				156C71252F3998E400F0C0A9 /* BaseViewController.swift */,
			);
			path = BaseView;
			sourceTree = "<group>";
		};
		156C712A2F39B86900F0C0A9 /* Model */ = {
			isa = PBXGroup;
			children = (
				156C712D2F39B90000F0C0A9 /* RecordFilterOption.swift */,
			);
			path = Model;
			sourceTree = "<group>";
		};
		156C712B2F39B87600F0C0A9 /* ViewModel */ = {
			isa = PBXGroup;
			children = (
				156C73FA2F39D99400F0C0A9 /* MainUserInfoViewModel.swift */,
			);
			path = ViewModel;
			sourceTree = "<group>";
		};
		156C712C2F39B88A00F0C0A9 /* View */ = {
			isa = PBXGroup;
			children = (
				156C73F22F39D69600F0C0A9 /* PerCapitaRecordCell.swift */,
				156C73F12F39CEB300F0C0A9 /* RecordFilterView */,
			);
			path = View;
			sourceTree = "<group>";
		};
		156C73F12F39CEB300F0C0A9 /* RecordFilterView */ = {
			isa = PBXGroup;
			children = (
				156C712E2F39B90100F0C0A9 /* DateCapsuleCell.swift */,
				156C712F2F39B90200F0C0A9 /* RecordFilterHeaderView.swift */,
				156C74FE2F3C000100F0C0A9 /* RecordSectionHeaderView.swift */,
			);
			path = RecordFilterView;
			sourceTree = "<group>";
		};
		156C74782F3B38AE00F0C0A9 /* ViewModel */ = {
			isa = PBXGroup;
			children = (
				156C74792F3B38CE00F0C0A9 /* ResultDetailViewModel.swift */,
			);
			path = ViewModel;
			sourceTree = "<group>";
		};
		156CCFD92F3C87C300F0C0A9 /* Illustration */ = {
			isa = PBXGroup;
			children = (
				156C515E2F3DDAF700F0C0A9 /* ViewModel */,
				156C51582F3DD8C700F0C0A9 /* Model */,
				156C51572F3DD8B500F0C0A9 /* View */,
				156CCFDA2F3C884A00F0C0A9 /* ViewController */,
			);
			path = Illustration;
			sourceTree = "<group>";
		};
		156CCFDA2F3C884A00F0C0A9 /* ViewController */ = {
			isa = PBXGroup;
			children = (
				156CCFDB2F3C889C00F0C0A9 /* MainIllustrationViewController.swift */,
			);
			path = ViewController;
			sourceTree = "<group>";
		};
		156CDEAB2F3EFD1D00F0C0A9 /* KPI */ = {
			isa = PBXGroup;
			children = (
				156C51902F3E700000F0C0A9 /* KPICardCell.swift */,
				156C51912F3E700000F0C0A9 /* KPICarouselCell.swift */,
			);
			path = KPI;
			sourceTree = "<group>";
		};
		157A6E472F343483005D8554 /* MainTabBar */ = {
			isa = PBXGroup;
			children = (
				157A6E572F343700005D8558 /* TabBarBadgePublisher.swift */,
				157A6E532F343600005D8555 /* MainTabBarTab.swift */,
				157A6E482F343524005D8554 /* MainTabBarViewController.swift */,
			);
			path = MainTabBar;
			sourceTree = "<group>";
		};
		157A6E4C2F343634005D8554 /* MainUserInfo */ = {
			isa = PBXGroup;
			children = (
				156C712C2F39B88A00F0C0A9 /* View */,
				156C712B2F39B87600F0C0A9 /* ViewModel */,
				156C712A2F39B86900F0C0A9 /* Model */,
				157A6E4D2F343644005D8554 /* ViewController */,
			);
			path = MainUserInfo;
			sourceTree = "<group>";
		};
		157A6E4D2F343644005D8554 /* ViewController */ = {
			isa = PBXGroup;
			children = (
				157A6E4E2F343658005D8554 /* MainUserInfoViewController.swift */,
			);
			path = ViewController;
			sourceTree = "<group>";
		};
		157A6E582F346FD8005D8554 /* TotalResult */ = {
			isa = PBXGroup;
			children = (
				157A6E642F347DDA005D8554 /* ViewModel */,
				157A6E5E2F34797D005D8554 /* View */,
				157A6E592F346FFE005D8554 /* ViewController */,
			);
			path = TotalResult;
			sourceTree = "<group>";
		};
		157A6E592F346FFE005D8554 /* ViewController */ = {
			isa = PBXGroup;
			children = (
				157A6E5A2F347015005D8554 /* TotalResultViewController.swift */,
			);
			path = ViewController;
			sourceTree = "<group>";
		};
		157A6E5E2F34797D005D8554 /* View */ = {
			isa = PBXGroup;
			children = (
				157A6E5F2F347B64005D8554 /* TotalResultsCell.swift */,
			);
			path = View;
			sourceTree = "<group>";
		};
		157A6E642F347DDA005D8554 /* ViewModel */ = {
			isa = PBXGroup;
			children = (
				157A6E632F347DDA005D8554 /* TotalResultViewModel.swift */,
			);
			path = ViewModel;
			sourceTree = "<group>";
		};
		15C22D622D95A29900270813 = {
			isa = PBXGroup;
			children = (
				156C5C652F3ED57800F0C0A9 /* ChartDetail */,
				156CCFD92F3C87C300F0C0A9 /* Illustration */,
				157A6E4C2F343634005D8554 /* MainUserInfo */,
				156C71202F39988600F0C0A9 /* BaseView */,
				156C6FB32F35CDFD00F0C0A9 /* ResultDetail */,
				156C1AF92F34A37C00F0C0A9 /* ResultsFilter */,
				156C1AF82F349DF600F0C0A9 /* CoreData */,
				157A6E582F346FD8005D8554 /* TotalResult */,
				157A6E472F343483005D8554 /* MainTabBar */,
				15C22D6D2D95A29900270813 /* tip-calculator */,
				15C22D842D95A29A00270813 /* tip-calculatorTests */,
				15C22D8E2D95A29A00270813 /* tip-calculatorUITests */,
				15C22DA52D95A2E700270813 /* Frameworks */,
				15C22D6C2D95A29900270813 /* Products */,
			);
			sourceTree = "<group>";
		};
		15C22D6C2D95A29900270813 /* Products */ = {
			isa = PBXGroup;
			children = (
				15C22D6B2D95A29900270813 /* tip-calculator.app */,
				15C22D812D95A29A00270813 /* tip-calculatorTests.xctest */,
				15C22D8B2D95A29A00270813 /* tip-calculatorUITests.xctest */,
			);
			name = Products;
			sourceTree = "<group>";
		};
		15C22DA52D95A2E700270813 /* Frameworks */ = {
			isa = PBXGroup;
			children = (
			);
			name = Frameworks;
			sourceTree = "<group>";
		};
/* End PBXGroup section */

/* Begin PBXNativeTarget section */
		15C22D6A2D95A29900270813 /* tip-calculator */ = {
			isa = PBXNativeTarget;
			buildConfigurationList = 15C22D942D95A29A00270813 /* Build configuration list for PBXNativeTarget "tip-calculator" */;
			buildPhases = (
				15C22D672D95A29900270813 /* Sources */,
				15C22D682D95A29900270813 /* Frameworks */,
				15C22D692D95A29900270813 /* Resources */,
			);
			buildRules = (
			);
			dependencies = (
			);
			fileSystemSynchronizedGroups = (
				15C22D6D2D95A29900270813 /* tip-calculator */,
			);
			name = "tip-calculator";
			packageProductDependencies = (
				15C22DA02D95A2B300270813 /* CombineCocoa */,
				15C22DA32D95A2CE00270813 /* SnapKit */,
				156C51552F3DD78E00F0C0A9 /* DGCharts */,
			);
			productName = "tip-calculator";
			productReference = 15C22D6B2D95A29900270813 /* tip-calculator.app */;
			productType = "com.apple.product-type.application";
		};
		15C22D802D95A29A00270813 /* tip-calculatorTests */ = {
			isa = PBXNativeTarget;
			buildConfigurationList = 15C22D992D95A29A00270813 /* Build configuration list for PBXNativeTarget "tip-calculatorTests" */;
			buildPhases = (
				15C22D7D2D95A29A00270813 /* Sources */,
				15C22D7E2D95A29A00270813 /* Frameworks */,
				15C22D7F2D95A29A00270813 /* Resources */,
			);
			buildRules = (
			);
			dependencies = (
				15C22D832D95A29A00270813 /* PBXTargetDependency */,
			);
			fileSystemSynchronizedGroups = (
				15C22D842D95A29A00270813 /* tip-calculatorTests */,
			);
			name = "tip-calculatorTests";
			packageProductDependencies = (
				15C22DA62D95A2E700270813 /* CombineCocoa */,
				15C22DA92D95A32E00270813 /* SnapshotTesting */,
			);
			productName = "tip-calculatorTests";
			productReference = 15C22D812D95A29A00270813 /* tip-calculatorTests.xctest */;
			productType = "com.apple.product-type.bundle.unit-test";
		};
		15C22D8A2D95A29A00270813 /* tip-calculatorUITests */ = {
			isa = PBXNativeTarget;
			buildConfigurationList = 15C22D9C2D95A29A00270813 /* Build configuration list for PBXNativeTarget "tip-calculatorUITests" */;
			buildPhases = (
				15C22D872D95A29A00270813 /* Sources */,
				15C22D882D95A29A00270813 /* Frameworks */,
				15C22D892D95A29A00270813 /* Resources */,
			);
			buildRules = (
			);
			dependencies = (
				15C22D8D2D95A29A00270813 /* PBXTargetDependency */,
			);
			fileSystemSynchronizedGroups = (
				15C22D8E2D95A29A00270813 /* tip-calculatorUITests */,
			);
			name = "tip-calculatorUITests";
			packageProductDependencies = (
				15C22DAB2D95A33E00270813 /* CombineCocoa */,
			);
			productName = "tip-calculatorUITests";
			productReference = 15C22D8B2D95A29A00270813 /* tip-calculatorUITests.xctest */;
			productType = "com.apple.product-type.bundle.ui-testing";
		};
/* End PBXNativeTarget section */

/* Begin PBXProject section */
		15C22D632D95A29900270813 /* Project object */ = {
			isa = PBXProject;
			attributes = {
				BuildIndependentTargetsInParallel = 1;
				LastSwiftUpdateCheck = 1620;
				LastUpgradeCheck = 2620;
				TargetAttributes = {
					15C22D6A2D95A29900270813 = {
						CreatedOnToolsVersion = 16.2;
					};
					15C22D802D95A29A00270813 = {
						CreatedOnToolsVersion = 16.2;
						TestTargetID = 15C22D6A2D95A29900270813;
					};
					15C22D8A2D95A29A00270813 = {
						CreatedOnToolsVersion = 16.2;
						TestTargetID = 15C22D6A2D95A29900270813;
					};
				};
			};
			buildConfigurationList = 15C22D662D95A29900270813 /* Build configuration list for PBXProject "tip-calculator" */;
			developmentRegion = en;
			hasScannedForEncodings = 0;
			knownRegions = (
				en,
				Base,
			);
			mainGroup = 15C22D622D95A29900270813;
			minimizedProjectReferenceProxies = 1;
			packageReferences = (
				15C22D9F2D95A2B300270813 /* XCRemoteSwiftPackageReference "CombineCocoa" */,
				15C22DA22D95A2CE00270813 /* XCRemoteSwiftPackageReference "SnapKit" */,
				15C22DA82D95A32E00270813 /* XCRemoteSwiftPackageReference "swift-snapshot-testing" */,
				156C51542F3DD78E00F0C0A9 /* XCRemoteSwiftPackageReference "Charts" */,
			);
			preferredProjectObjectVersion = 77;
			productRefGroup = 15C22D6C2D95A29900270813 /* Products */;
			projectDirPath = "";
			projectRoot = "";
			targets = (
				15C22D6A2D95A29900270813 /* tip-calculator */,
				15C22D802D95A29A00270813 /* tip-calculatorTests */,
				15C22D8A2D95A29A00270813 /* tip-calculatorUITests */,
			);
		};
/* End PBXProject section */

/* Begin PBXResourcesBuildPhase section */
		15C22D692D95A29900270813 /* Resources */ = {
			isa = PBXResourcesBuildPhase;
			buildActionMask = 2147483647;
			files = (
			);
			runOnlyForDeploymentPostprocessing = 0;
		};
		15C22D7F2D95A29A00270813 /* Resources */ = {
			isa = PBXResourcesBuildPhase;
			buildActionMask = 2147483647;
			files = (
			);
			runOnlyForDeploymentPostprocessing = 0;
		};
		15C22D892D95A29A00270813 /* Resources */ = {
			isa = PBXResourcesBuildPhase;
			buildActionMask = 2147483647;
			files = (
			);
			runOnlyForDeploymentPostprocessing = 0;
		};
/* End PBXResourcesBuildPhase section */

/* Begin PBXSourcesBuildPhase section */
		15C22D672D95A29900270813 /* Sources */ = {
			isa = PBXSourcesBuildPhase;
			buildActionMask = 2147483647;
			files = (
				156C1AFC2F34A39F00F0C0A9 /* ResultsFilterViewController.swift in Sources */,
				156C1AE72F348E2D00F0C0A9 /* TipCalculator.xcdatamodeld in Sources */,
				156CCFDC2F3C889C00F0C0A9 /* MainIllustrationViewController.swift in Sources */,
				156C71302F39B90300F0C0A9 /* RecordFilterOption.swift in Sources */,
				156C71312F39B90300F0C0A9 /* DateCapsuleCell.swift in Sources */,
				156C71322F39B90300F0C0A9 /* RecordFilterHeaderView.swift in Sources */,
				156C74FF2F3C000100F0C0A9 /* RecordSectionHeaderView.swift in Sources */,
				157A6E4F2F343658005D8554 /* MainUserInfoViewController.swift in Sources */,
				156C515B2F3DD8F500F0C0A9 /* MainIllustrationModel.swift in Sources */,
				156C6FB12F35CB4C00F0C0A9 /* ResultDetailViewController.swift in Sources */,
				156C6FB82F35EA7A00F0C0A9 /* ResultDeetailTableViewCell.swift in Sources */,
				156C6FBC2F35F28700F0C0A9 /* ResultDetailLocationCell.swift in Sources */,
				156C6FAE2F35CABB00F0C0A9 /* ResultsFilterCell.swift in Sources */,
				156C6F182F3581FF00F0C0A9 /* ResultsFilterViewModel.swift in Sources */,
				157A6E492F343524005D8554 /* MainTabBarViewController.swift in Sources */,
				157579C92F444C2500DE7163 /* ResultDetailImageValueCell.swift in Sources */,
				157A6E522F343600005D8555 /* MainTabBarTab.swift in Sources */,
				157A6E562F343700005D8558 /* TabBarBadgePublisher.swift in Sources */,
				156C73F42F39D69600F0C0A9 /* PerCapitaRecordCell.swift in Sources */,
				150DB7F52F459FE8008209A1 /* IllustrationAmountRangeChartCell.swift in Sources */,
				150DB7F62F459FE8008209A1 /* IllustrationTimeChartCell.swift in Sources */,
				156C73FD2F39D99400F0C0A9 /* MainUserInfoViewModel.swift in Sources */,
				157A6E652F347DDA005D8554 /* TotalResultViewModel.swift in Sources */,
				156C51602F3DDAF700F0C0A9 /* MainIllustrationViewModel.swift in Sources */,
				156C5C682F3ED5A500F0C0A9 /* ChartDetailViewController.swift in Sources */,
				156C51662F3DDB0000F0C0A9 /* IllustrationSectionHeaderView.swift in Sources */,
				156C51742F3DE20000F0C0A9 /* IllustrationFilterHeaderView.swift in Sources */,
				156C51922F3E700000F0C0A9 /* KPICardCell.swift in Sources */,
				156C51952F3E700000F0C0A9 /* KPICarouselCell.swift in Sources */,
				156C74B22F35853400F0C0A9 /* ResultsFilterModel.swift in Sources */,
				157A6E602F347B64005D8554 /* TotalResultsCell.swift in Sources */,
				156C1AF02F348F2C00F0C0A9 /* ConsumptionRecord+CoreDataClass.swift in Sources */,
				156C1AF12F348F2C00F0C0A9 /* ConsumptionRecord+CoreDataProperties.swift in Sources */,
				156C747B2F3B38CE00F0C0A9 /* ResultDetailViewModel.swift in Sources */,
				157A6E5B2F347015005D8554 /* TotalResultViewController.swift in Sources */,
				156C71272F3998E400F0C0A9 /* BaseViewController.swift in Sources */,
				156C71222F3998A700F0C0A9 /* MainBaseViewcontroller.swift in Sources */,
			);
			runOnlyForDeploymentPostprocessing = 0;
		};
		15C22D7D2D95A29A00270813 /* Sources */ = {
			isa = PBXSourcesBuildPhase;
			buildActionMask = 2147483647;
			files = (
				156C74B32F35853400F0C0A9 /* ResultsFilterModel.swift in Sources */,
				157A6E672F347DDA005D8554 /* TotalResultViewModel.swift in Sources */,
				156C747A2F3B38CE00F0C0A9 /* ResultDetailViewModel.swift in Sources */,
				156C1AFD2F34A39F00F0C0A9 /* ResultsFilterViewController.swift in Sources */,
				156C1AE82F348E2D00F0C0A9 /* TipCalculator.xcdatamodeld in Sources */,
				156C6F192F3581FF00F0C0A9 /* ResultsFilterViewModel.swift in Sources */,
				156C516C2F3DDB0000F0C0A9 /* IllustrationSectionHeaderView.swift in Sources */,
				150DB7F32F459FE8008209A1 /* IllustrationAmountRangeChartCell.swift in Sources */,
				150DB7F42F459FE8008209A1 /* IllustrationTimeChartCell.swift in Sources */,
				156C5BEA2F3ED53500F0C0A9 /* IllustrationFilterHeaderView.swift in Sources */,
				156C51932F3E700000F0C0A9 /* KPICardCell.swift in Sources */,
				156C51962F3E700000F0C0A9 /* KPICarouselCell.swift in Sources */,
				156C73F52F39D69600F0C0A9 /* PerCapitaRecordCell.swift in Sources */,
				156C71282F3998E400F0C0A9 /* BaseViewController.swift in Sources */,
				156C6FBB2F35F28700F0C0A9 /* ResultDetailLocationCell.swift in Sources */,
				156C6FB72F35EA7A00F0C0A9 /* ResultDeetailTableViewCell.swift in Sources */,
				156C6FB02F35CB4C00F0C0A9 /* ResultDetailViewController.swift in Sources */,
				156C71232F3998A700F0C0A9 /* MainBaseViewcontroller.swift in Sources */,
				157A6E5C2F347015005D8554 /* TotalResultViewController.swift in Sources */,
				156C75002F3C000100F0C0A9 /* RecordSectionHeaderView.swift in Sources */,
				157A6E502F343658005D8554 /* MainUserInfoViewController.swift in Sources */,
				157A6E4A2F343524005D8554 /* MainTabBarViewController.swift in Sources */,
				157A6E542F343600005D8556 /* MainTabBarTab.swift in Sources */,
				157A6E582F343700005D8559 /* TabBarBadgePublisher.swift in Sources */,
				157579C82F444C2500DE7163 /* ResultDetailImageValueCell.swift in Sources */,
				156C1AEC2F348F2C00F0C0A9 /* ConsumptionRecord+CoreDataClass.swift in Sources */,
				156CCFDD2F3C889C00F0C0A9 /* MainIllustrationViewController.swift in Sources */,
				156C1AED2F348F2C00F0C0A9 /* ConsumptionRecord+CoreDataProperties.swift in Sources */,
				156C5C692F3ED5A500F0C0A9 /* ChartDetailViewController.swift in Sources */,
				156C6FAC2F35CABB00F0C0A9 /* ResultsFilterCell.swift in Sources */,
				156C73FC2F39D99400F0C0A9 /* MainUserInfoViewModel.swift in Sources */,
				156C51612F3DDAF700F0C0A9 /* MainIllustrationViewModel.swift in Sources */,
				156C515A2F3DD8F500F0C0A9 /* MainIllustrationModel.swift in Sources */,
				157A6E622F347B64005D8554 /* TotalResultsCell.swift in Sources */,
			);
			runOnlyForDeploymentPostprocessing = 0;
		};
		15C22D872D95A29A00270813 /* Sources */ = {
			isa = PBXSourcesBuildPhase;
			buildActionMask = 2147483647;
			files = (
				156C6FB92F35EA7A00F0C0A9 /* ResultDeetailTableViewCell.swift in Sources */,
				156C1AEE2F348F2C00F0C0A9 /* ConsumptionRecord+CoreDataClass.swift in Sources */,
				156C1AEF2F348F2C00F0C0A9 /* ConsumptionRecord+CoreDataProperties.swift in Sources */,
				156CCFDE2F3C889C00F0C0A9 /* MainIllustrationViewController.swift in Sources */,
				156C51692F3DDB0000F0C0A9 /* IllustrationSectionHeaderView.swift in Sources */,
				156C5BEB2F3ED53500F0C0A9 /* IllustrationFilterHeaderView.swift in Sources */,
				156C51942F3E700000F0C0A9 /* KPICardCell.swift in Sources */,
				156C51972F3E700000F0C0A9 /* KPICarouselCell.swift in Sources */,
				156C1AFE2F34A39F00F0C0A9 /* ResultsFilterViewController.swift in Sources */,
				157A6E5D2F347015005D8554 /* TotalResultViewController.swift in Sources */,
				156C71262F3998E400F0C0A9 /* BaseViewController.swift in Sources */,
				156C75012F3C000100F0C0A9 /* RecordSectionHeaderView.swift in Sources */,
				156C73F32F39D69600F0C0A9 /* PerCapitaRecordCell.swift in Sources */,
				156C1AE92F348E2D00F0C0A9 /* TipCalculator.xcdatamodeld in Sources */,
				156C73FB2F39D99400F0C0A9 /* MainUserInfoViewModel.swift in Sources */,
				156C515F2F3DDAF700F0C0A9 /* MainIllustrationViewModel.swift in Sources */,
				156C71242F3998A700F0C0A9 /* MainBaseViewcontroller.swift in Sources */,
				156C74B42F35853400F0C0A9 /* ResultsFilterModel.swift in Sources */,
				157A6E512F343658005D8554 /* MainUserInfoViewController.swift in Sources */,
				156C515C2F3DD8F500F0C0A9 /* MainIllustrationModel.swift in Sources */,
				156C747C2F3B38CE00F0C0A9 /* ResultDetailViewModel.swift in Sources */,
				156C5C6A2F3ED5A500F0C0A9 /* ChartDetailViewController.swift in Sources */,
				157A6E4B2F343524005D8554 /* MainTabBarViewController.swift in Sources */,
				157A6E552F343600005D8557 /* MainTabBarTab.swift in Sources */,
				157A6E592F343700005D855A /* TabBarBadgePublisher.swift in Sources */,
				157579CA2F444C2500DE7163 /* ResultDetailImageValueCell.swift in Sources */,
				156C6FAD2F35CABB00F0C0A9 /* ResultsFilterCell.swift in Sources */,
				157A6E662F347DDA005D8554 /* TotalResultViewModel.swift in Sources */,
				157A6E612F347B64005D8554 /* TotalResultsCell.swift in Sources */,
				150DB7F72F459FE8008209A1 /* IllustrationAmountRangeChartCell.swift in Sources */,
				150DB7F82F459FE8008209A1 /* IllustrationTimeChartCell.swift in Sources */,
				156C6F172F3581FF00F0C0A9 /* ResultsFilterViewModel.swift in Sources */,
				156C6FB22F35CB4C00F0C0A9 /* ResultDetailViewController.swift in Sources */,
				156C6FBD2F35F28700F0C0A9 /* ResultDetailLocationCell.swift in Sources */,
			);
			runOnlyForDeploymentPostprocessing = 0;
		};
/* End PBXSourcesBuildPhase section */

/* Begin PBXTargetDependency section */
		15C22D832D95A29A00270813 /* PBXTargetDependency */ = {
			isa = PBXTargetDependency;
			target = 15C22D6A2D95A29900270813 /* tip-calculator */;
			targetProxy = 15C22D822D95A29A00270813 /* PBXContainerItemProxy */;
		};
		15C22D8D2D95A29A00270813 /* PBXTargetDependency */ = {
			isa = PBXTargetDependency;
			target = 15C22D6A2D95A29900270813 /* tip-calculator */;
			targetProxy = 15C22D8C2D95A29A00270813 /* PBXContainerItemProxy */;
		};
/* End PBXTargetDependency section */

/* Begin XCBuildConfiguration section */
		15C22D952D95A29A00270813 /* Debug */ = {
			isa = XCBuildConfiguration;
			buildSettings = {
				ASSETCATALOG_COMPILER_APPICON_NAME = AppIcon;
				ASSETCATALOG_COMPILER_GLOBAL_ACCENT_COLOR_NAME = AccentColor;
				CODE_SIGN_IDENTITY = "Apple Development";
				CODE_SIGN_STYLE = Automatic;
				CURRENT_PROJECT_VERSION = 1;
				DEVELOPMENT_TEAM = G5A93Q7SG9;
				GENERATE_INFOPLIST_FILE = YES;
				INFOPLIST_FILE = "tip-calculator/Info.plist";
				INFOPLIST_KEY_UIApplicationSupportsIndirectInputEvents = YES;
				INFOPLIST_KEY_UILaunchStoryboardName = LaunchScreen;
				INFOPLIST_KEY_UISupportedInterfaceOrientations_iPad = "UIInterfaceOrientationPortrait UIInterfaceOrientationPortraitUpsideDown UIInterfaceOrientationLandscapeLeft UIInterfaceOrientationLandscapeRight";
				INFOPLIST_KEY_UISupportedInterfaceOrientations_iPhone = "UIInterfaceOrientationPortrait UIInterfaceOrientationLandscapeLeft UIInterfaceOrientationLandscapeRight";
				IPHONEOS_DEPLOYMENT_TARGET = 16.6;
				LD_RUNPATH_SEARCH_PATHS = (
					"$(inherited)",
					"@executable_path/Frameworks",
				);
				MARKETING_VERSION = 1.0;
				PRODUCT_BUNDLE_IDENTIFIER = "co.willyhsu.tip-calculator";
				PRODUCT_NAME = "$(TARGET_NAME)";
				PROVISIONING_PROFILE_SPECIFIER = "";
				SWIFT_EMIT_LOC_STRINGS = YES;
				SWIFT_VERSION = 5.0;
				TARGETED_DEVICE_FAMILY = "1,2";
			};
			name = Debug;
		};
		15C22D962D95A29A00270813 /* Release */ = {
			isa = XCBuildConfiguration;
			buildSettings = {
				ASSETCATALOG_COMPILER_APPICON_NAME = AppIcon;
				ASSETCATALOG_COMPILER_GLOBAL_ACCENT_COLOR_NAME = AccentColor;
				CODE_SIGN_IDENTITY = "Apple Development";
				CODE_SIGN_STYLE = Automatic;
				CURRENT_PROJECT_VERSION = 1;
				DEVELOPMENT_TEAM = G5A93Q7SG9;
				GENERATE_INFOPLIST_FILE = YES;
				INFOPLIST_FILE = "tip-calculator/Info.plist";
				INFOPLIST_KEY_UIApplicationSupportsIndirectInputEvents = YES;
				INFOPLIST_KEY_UILaunchStoryboardName = LaunchScreen;
				INFOPLIST_KEY_UISupportedInterfaceOrientations_iPad = "UIInterfaceOrientationPortrait UIInterfaceOrientationPortraitUpsideDown UIInterfaceOrientationLandscapeLeft UIInterfaceOrientationLandscapeRight";
				INFOPLIST_KEY_UISupportedInterfaceOrientations_iPhone = "UIInterfaceOrientationPortrait UIInterfaceOrientationLandscapeLeft UIInterfaceOrientationLandscapeRight";
				IPHONEOS_DEPLOYMENT_TARGET = 16.6;
				LD_RUNPATH_SEARCH_PATHS = (
					"$(inherited)",
					"@executable_path/Frameworks",
				);
				MARKETING_VERSION = 1.0;
				PRODUCT_BUNDLE_IDENTIFIER = "co.willyhsu.tip-calculator";
				PRODUCT_NAME = "$(TARGET_NAME)";
				PROVISIONING_PROFILE_SPECIFIER = "";
				SWIFT_EMIT_LOC_STRINGS = YES;
				SWIFT_VERSION = 5.0;
				TARGETED_DEVICE_FAMILY = "1,2";
			};
			name = Release;
		};
		15C22D972D95A29A00270813 /* Debug */ = {
			isa = XCBuildConfiguration;
			buildSettings = {
				ALWAYS_SEARCH_USER_PATHS = NO;
				ASSETCATALOG_COMPILER_GENERATE_SWIFT_ASSET_SYMBOL_EXTENSIONS = YES;
				CLANG_ANALYZER_NONNULL = YES;
				CLANG_ANALYZER_NUMBER_OBJECT_CONVERSION = YES_AGGRESSIVE;
				CLANG_CXX_LANGUAGE_STANDARD = "gnu++20";
				CLANG_ENABLE_MODULES = YES;
				CLANG_ENABLE_OBJC_ARC = YES;
				CLANG_ENABLE_OBJC_WEAK = YES;
				CLANG_WARN_BLOCK_CAPTURE_AUTORELEASING = YES;
				CLANG_WARN_BOOL_CONVERSION = YES;
				CLANG_WARN_COMMA = YES;
				CLANG_WARN_CONSTANT_CONVERSION = YES;
				CLANG_WARN_DEPRECATED_OBJC_IMPLEMENTATIONS = YES;
				CLANG_WARN_DIRECT_OBJC_ISA_USAGE = YES_ERROR;
				CLANG_WARN_DOCUMENTATION_COMMENTS = YES;
				CLANG_WARN_EMPTY_BODY = YES;
				CLANG_WARN_ENUM_CONVERSION = YES;
				CLANG_WARN_INFINITE_RECURSION = YES;
				CLANG_WARN_INT_CONVERSION = YES;
				CLANG_WARN_NON_LITERAL_NULL_CONVERSION = YES;
				CLANG_WARN_OBJC_IMPLICIT_RETAIN_SELF = YES;
				CLANG_WARN_OBJC_LITERAL_CONVERSION = YES;
				CLANG_WARN_OBJC_ROOT_CLASS = YES_ERROR;
				CLANG_WARN_QUOTED_INCLUDE_IN_FRAMEWORK_HEADER = YES;
				CLANG_WARN_RANGE_LOOP_ANALYSIS = YES;
				CLANG_WARN_STRICT_PROTOTYPES = YES;
				CLANG_WARN_SUSPICIOUS_MOVE = YES;
				CLANG_WARN_UNGUARDED_AVAILABILITY = YES_AGGRESSIVE;
				CLANG_WARN_UNREACHABLE_CODE = YES;
				CLANG_WARN__DUPLICATE_METHOD_MATCH = YES;
				COPY_PHASE_STRIP = NO;
				DEBUG_INFORMATION_FORMAT = dwarf;
				DEVELOPMENT_TEAM = G5A93Q7SG9;
				ENABLE_STRICT_OBJC_MSGSEND = YES;
				ENABLE_TESTABILITY = YES;
				ENABLE_USER_SCRIPT_SANDBOXING = YES;
				GCC_C_LANGUAGE_STANDARD = gnu17;
				GCC_DYNAMIC_NO_PIC = NO;
				GCC_NO_COMMON_BLOCKS = YES;
				GCC_OPTIMIZATION_LEVEL = 0;
				GCC_PREPROCESSOR_DEFINITIONS = (
					"DEBUG=1",
					"$(inherited)",
				);
				GCC_WARN_64_TO_32_BIT_CONVERSION = YES;
				GCC_WARN_ABOUT_RETURN_TYPE = YES_ERROR;
				GCC_WARN_UNDECLARED_SELECTOR = YES;
				GCC_WARN_UNINITIALIZED_AUTOS = YES_AGGRESSIVE;
				GCC_WARN_UNUSED_FUNCTION = YES;
				GCC_WARN_UNUSED_VARIABLE = YES;
				IPHONEOS_DEPLOYMENT_TARGET = 18.2;
				LOCALIZATION_PREFERS_STRING_CATALOGS = YES;
				MTL_ENABLE_DEBUG_INFO = INCLUDE_SOURCE;
				MTL_FAST_MATH = YES;
				ONLY_ACTIVE_ARCH = YES;
				SDKROOT = iphoneos;
				STRING_CATALOG_GENERATE_SYMBOLS = YES;
				SWIFT_ACTIVE_COMPILATION_CONDITIONS = "DEBUG $(inherited)";
				SWIFT_OPTIMIZATION_LEVEL = "-Onone";
			};
			name = Debug;
		};
		15C22D982D95A29A00270813 /* Release */ = {
			isa = XCBuildConfiguration;
			buildSettings = {
				ALWAYS_SEARCH_USER_PATHS = NO;
				ASSETCATALOG_COMPILER_GENERATE_SWIFT_ASSET_SYMBOL_EXTENSIONS = YES;
				CLANG_ANALYZER_NONNULL = YES;
				CLANG_ANALYZER_NUMBER_OBJECT_CONVERSION = YES_AGGRESSIVE;
				CLANG_CXX_LANGUAGE_STANDARD = "gnu++20";
				CLANG_ENABLE_MODULES = YES;
				CLANG_ENABLE_OBJC_ARC = YES;
				CLANG_ENABLE_OBJC_WEAK = YES;
				CLANG_WARN_BLOCK_CAPTURE_AUTORELEASING = YES;
				CLANG_WARN_BOOL_CONVERSION = YES;
				CLANG_WARN_COMMA = YES;
				CLANG_WARN_CONSTANT_CONVERSION = YES;
				CLANG_WARN_DEPRECATED_OBJC_IMPLEMENTATIONS = YES;
				CLANG_WARN_DIRECT_OBJC_ISA_USAGE = YES_ERROR;
				CLANG_WARN_DOCUMENTATION_COMMENTS = YES;
				CLANG_WARN_EMPTY_BODY = YES;
				CLANG_WARN_ENUM_CONVERSION = YES;
				CLANG_WARN_INFINITE_RECURSION = YES;
				CLANG_WARN_INT_CONVERSION = YES;
				CLANG_WARN_NON_LITERAL_NULL_CONVERSION = YES;
				CLANG_WARN_OBJC_IMPLICIT_RETAIN_SELF = YES;
				CLANG_WARN_OBJC_LITERAL_CONVERSION = YES;
				CLANG_WARN_OBJC_ROOT_CLASS = YES_ERROR;
				CLANG_WARN_QUOTED_INCLUDE_IN_FRAMEWORK_HEADER = YES;
				CLANG_WARN_RANGE_LOOP_ANALYSIS = YES;
				CLANG_WARN_STRICT_PROTOTYPES = YES;
				CLANG_WARN_SUSPICIOUS_MOVE = YES;
				CLANG_WARN_UNGUARDED_AVAILABILITY = YES_AGGRESSIVE;
				CLANG_WARN_UNREACHABLE_CODE = YES;
				CLANG_WARN__DUPLICATE_METHOD_MATCH = YES;
				COPY_PHASE_STRIP = NO;
				DEBUG_INFORMATION_FORMAT = "dwarf-with-dsym";
				DEVELOPMENT_TEAM = G5A93Q7SG9;
				ENABLE_NS_ASSERTIONS = NO;
				ENABLE_STRICT_OBJC_MSGSEND = YES;
				ENABLE_USER_SCRIPT_SANDBOXING = YES;
				GCC_C_LANGUAGE_STANDARD = gnu17;
				GCC_NO_COMMON_BLOCKS = YES;
				GCC_WARN_64_TO_32_BIT_CONVERSION = YES;
				GCC_WARN_ABOUT_RETURN_TYPE = YES_ERROR;
				GCC_WARN_UNDECLARED_SELECTOR = YES;
				GCC_WARN_UNINITIALIZED_AUTOS = YES_AGGRESSIVE;
				GCC_WARN_UNUSED_FUNCTION = YES;
				GCC_WARN_UNUSED_VARIABLE = YES;
				IPHONEOS_DEPLOYMENT_TARGET = 18.2;
				LOCALIZATION_PREFERS_STRING_CATALOGS = YES;
				MTL_ENABLE_DEBUG_INFO = NO;
				MTL_FAST_MATH = YES;
				SDKROOT = iphoneos;
				STRING_CATALOG_GENERATE_SYMBOLS = YES;
				SWIFT_COMPILATION_MODE = wholemodule;
				VALIDATE_PRODUCT = YES;
			};
			name = Release;
		};
		15C22D9A2D95A29A00270813 /* Debug */ = {
			isa = XCBuildConfiguration;
			buildSettings = {
				BUNDLE_LOADER = "$(TEST_HOST)";
				CODE_SIGN_STYLE = Automatic;
				CURRENT_PROJECT_VERSION = 1;
				GENERATE_INFOPLIST_FILE = YES;
				IPHONEOS_DEPLOYMENT_TARGET = 18.2;
				MARKETING_VERSION = 1.0;
				PRODUCT_BUNDLE_IDENTIFIER = "co.willyhsu.tip-calculatorTests";
				PRODUCT_NAME = "$(TARGET_NAME)";
				SWIFT_EMIT_LOC_STRINGS = NO;
				SWIFT_VERSION = 5.0;
				TARGETED_DEVICE_FAMILY = "1,2";
				TEST_HOST = "$(BUILT_PRODUCTS_DIR)/tip-calculator.app/$(BUNDLE_EXECUTABLE_FOLDER_PATH)/tip-calculator";
			};
			name = Debug;
		};
		15C22D9B2D95A29A00270813 /* Release */ = {
			isa = XCBuildConfiguration;
			buildSettings = {
				BUNDLE_LOADER = "$(TEST_HOST)";
				CODE_SIGN_STYLE = Automatic;
				CURRENT_PROJECT_VERSION = 1;
				GENERATE_INFOPLIST_FILE = YES;
				IPHONEOS_DEPLOYMENT_TARGET = 18.2;
				MARKETING_VERSION = 1.0;
				PRODUCT_BUNDLE_IDENTIFIER = "co.willyhsu.tip-calculatorTests";
				PRODUCT_NAME = "$(TARGET_NAME)";
				SWIFT_EMIT_LOC_STRINGS = NO;
				SWIFT_VERSION = 5.0;
				TARGETED_DEVICE_FAMILY = "1,2";
				TEST_HOST = "$(BUILT_PRODUCTS_DIR)/tip-calculator.app/$(BUNDLE_EXECUTABLE_FOLDER_PATH)/tip-calculator";
			};
			name = Release;
		};
		15C22D9D2D95A29A00270813 /* Debug */ = {
			isa = XCBuildConfiguration;
			buildSettings = {
				CODE_SIGN_STYLE = Automatic;
				CURRENT_PROJECT_VERSION = 1;
				GENERATE_INFOPLIST_FILE = YES;
				MARKETING_VERSION = 1.0;
				PRODUCT_BUNDLE_IDENTIFIER = "co.willyhsu.tip-calculatorUITests";
				PRODUCT_NAME = "$(TARGET_NAME)";
				SWIFT_EMIT_LOC_STRINGS = NO;
				SWIFT_VERSION = 5.0;
				TARGETED_DEVICE_FAMILY = "1,2";
				TEST_TARGET_NAME = "tip-calculator";
			};
			name = Debug;
		};
		15C22D9E2D95A29A00270813 /* Release */ = {
			isa = XCBuildConfiguration;
			buildSettings = {
				CODE_SIGN_STYLE = Automatic;
				CURRENT_PROJECT_VERSION = 1;
				GENERATE_INFOPLIST_FILE = YES;
				MARKETING_VERSION = 1.0;
				PRODUCT_BUNDLE_IDENTIFIER = "co.willyhsu.tip-calculatorUITests";
				PRODUCT_NAME = "$(TARGET_NAME)";
				SWIFT_EMIT_LOC_STRINGS = NO;
				SWIFT_VERSION = 5.0;
				TARGETED_DEVICE_FAMILY = "1,2";
				TEST_TARGET_NAME = "tip-calculator";
			};
			name = Release;
		};
/* End XCBuildConfiguration section */

/* Begin XCConfigurationList section */
		15C22D662D95A29900270813 /* Build configuration list for PBXProject "tip-calculator" */ = {
			isa = XCConfigurationList;
			buildConfigurations = (
				15C22D972D95A29A00270813 /* Debug */,
				15C22D982D95A29A00270813 /* Release */,
			);
			defaultConfigurationIsVisible = 0;
			defaultConfigurationName = Release;
		};
		15C22D942D95A29A00270813 /* Build configuration list for PBXNativeTarget "tip-calculator" */ = {
			isa = XCConfigurationList;
			buildConfigurations = (
				15C22D952D95A29A00270813 /* Debug */,
				15C22D962D95A29A00270813 /* Release */,
			);
			defaultConfigurationIsVisible = 0;
			defaultConfigurationName = Release;
		};
		15C22D992D95A29A00270813 /* Build configuration list for PBXNativeTarget "tip-calculatorTests" */ = {
			isa = XCConfigurationList;
			buildConfigurations = (
				15C22D9A2D95A29A00270813 /* Debug */,
				15C22D9B2D95A29A00270813 /* Release */,
			);
			defaultConfigurationIsVisible = 0;
			defaultConfigurationName = Release;
		};
		15C22D9C2D95A29A00270813 /* Build configuration list for PBXNativeTarget "tip-calculatorUITests" */ = {
			isa = XCConfigurationList;
			buildConfigurations = (
				15C22D9D2D95A29A00270813 /* Debug */,
				15C22D9E2D95A29A00270813 /* Release */,
			);
			defaultConfigurationIsVisible = 0;
			defaultConfigurationName = Release;
		};
/* End XCConfigurationList section */

/* Begin XCRemoteSwiftPackageReference section */
		156C51542F3DD78E00F0C0A9 /* XCRemoteSwiftPackageReference "Charts" */ = {
			isa = XCRemoteSwiftPackageReference;
			repositoryURL = "https://github.com/ChartsOrg/Charts";
			requirement = {
				kind = upToNextMajorVersion;
				minimumVersion = 5.1.0;
			};
		};
		15C22D9F2D95A2B300270813 /* XCRemoteSwiftPackageReference "CombineCocoa" */ = {
			isa = XCRemoteSwiftPackageReference;
			repositoryURL = "https://github.com/CombineCommunity/CombineCocoa";
			requirement = {
				kind = upToNextMajorVersion;
				minimumVersion = 0.4.1;
			};
		};
		15C22DA22D95A2CE00270813 /* XCRemoteSwiftPackageReference "SnapKit" */ = {
			isa = XCRemoteSwiftPackageReference;
			repositoryURL = "https://github.com/SnapKit/SnapKit";
			requirement = {
				kind = upToNextMajorVersion;
				minimumVersion = 5.7.1;
			};
		};
		15C22DA82D95A32E00270813 /* XCRemoteSwiftPackageReference "swift-snapshot-testing" */ = {
			isa = XCRemoteSwiftPackageReference;
			repositoryURL = "https://github.com/pointfreeco/swift-snapshot-testing";
			requirement = {
				kind = upToNextMajorVersion;
				minimumVersion = 1.18.1;
			};
		};
/* End XCRemoteSwiftPackageReference section */

/* Begin XCSwiftPackageProductDependency section */
		156C51552F3DD78E00F0C0A9 /* DGCharts */ = {
			isa = XCSwiftPackageProductDependency;
			package = 156C51542F3DD78E00F0C0A9 /* XCRemoteSwiftPackageReference "Charts" */;
			productName = DGCharts;
		};
		15C22DA02D95A2B300270813 /* CombineCocoa */ = {
			isa = XCSwiftPackageProductDependency;
			package = 15C22D9F2D95A2B300270813 /* XCRemoteSwiftPackageReference "CombineCocoa" */;
			productName = CombineCocoa;
		};
		15C22DA32D95A2CE00270813 /* SnapKit */ = {
			isa = XCSwiftPackageProductDependency;
			package = 15C22DA22D95A2CE00270813 /* XCRemoteSwiftPackageReference "SnapKit" */;
			productName = SnapKit;
		};
		15C22DA62D95A2E700270813 /* CombineCocoa */ = {
			isa = XCSwiftPackageProductDependency;
			package = 15C22D9F2D95A2B300270813 /* XCRemoteSwiftPackageReference "CombineCocoa" */;
			productName = CombineCocoa;
		};
		15C22DA92D95A32E00270813 /* SnapshotTesting */ = {
			isa = XCSwiftPackageProductDependency;
			package = 15C22DA82D95A32E00270813 /* XCRemoteSwiftPackageReference "swift-snapshot-testing" */;
			productName = SnapshotTesting;
		};
		15C22DAB2D95A33E00270813 /* CombineCocoa */ = {
			isa = XCSwiftPackageProductDependency;
			package = 15C22D9F2D95A2B300270813 /* XCRemoteSwiftPackageReference "CombineCocoa" */;
			productName = CombineCocoa;
		};
/* End XCSwiftPackageProductDependency section */

/* Begin XCVersionGroup section */
		156C1AE52F348E2D00F0C0A9 /* TipCalculator.xcdatamodeld */ = {
			isa = XCVersionGroup;
			children = (
				156C1AE62F348E2D00F0C0A9 /* TipCalculator.xcdatamodel */,
			);
			currentVersion = 156C1AE62F348E2D00F0C0A9 /* TipCalculator.xcdatamodel */;
			path = TipCalculator.xcdatamodeld;
			sourceTree = "<group>";
			versionGroupType = wrapper.xcdatamodel;
		};
/* End XCVersionGroup section */
	};
	rootObject = 15C22D632D95A29900270813 /* Project object */;
}
