// !$*UTF8*$!
{
	archiveVersion = 1;
	classes = {
	};
	objectVersion = 77;
	objects = {

/* Begin PBXBuildFile section */
		157A6E492F343524005D8554 /* MainTabBarViewController.swift in Sources */ = {isa = PBXBuildFile; fileRef = 157A6E482F343524005D8554 /* MainTabBarViewController.swift */; };
		157A6E4A2F343524005D8554 /* MainTabBarViewController.swift in Sources */ = {isa = PBXBuildFile; fileRef = 157A6E482F343524005D8554 /* MainTabBarViewController.swift */; };
		157A6E4B2F343524005D8554 /* MainTabBarViewController.swift in Sources */ = {isa = PBXBuildFile; fileRef = 157A6E482F343524005D8554 /* MainTabBarViewController.swift */; };
		157A6E4F2F343658005D8554 /* MainUserInfoViewController.swift in Sources */ = {isa = PBXBuildFile; fileRef = 157A6E4E2F343658005D8554 /* MainUserInfoViewController.swift */; };
		157A6E502F343658005D8554 /* MainUserInfoViewController.swift in Sources */ = {isa = PBXBuildFile; fileRef = 157A6E4E2F343658005D8554 /* MainUserInfoViewController.swift */; };
		157A6E512F343658005D8554 /* MainUserInfoViewController.swift in Sources */ = {isa = PBXBuildFile; fileRef = 157A6E4E2F343658005D8554 /* MainUserInfoViewController.swift */; };
		157A6E5B2F347015005D8554 /* TotalResultViewController.swift in Sources */ = {isa = PBXBuildFile; fileRef = 157A6E5A2F347015005D8554 /* TotalResultViewController.swift */; };
		157A6E5C2F347015005D8554 /* TotalResultViewController.swift in Sources */ = {isa = PBXBuildFile; fileRef = 157A6E5A2F347015005D8554 /* TotalResultViewController.swift */; };
		157A6E5D2F347015005D8554 /* TotalResultViewController.swift in Sources */ = {isa = PBXBuildFile; fileRef = 157A6E5A2F347015005D8554 /* TotalResultViewController.swift */; };
		157A6E602F347B64005D8554 /* TotalResultsCell.swift in Sources */ = {isa = PBXBuildFile; fileRef = 157A6E5F2F347B64005D8554 /* TotalResultsCell.swift */; };
		157A6E612F347B64005D8554 /* TotalResultsCell.swift in Sources */ = {isa = PBXBuildFile; fileRef = 157A6E5F2F347B64005D8554 /* TotalResultsCell.swift */; };
		157A6E622F347B64005D8554 /* TotalResultsCell.swift in Sources */ = {isa = PBXBuildFile; fileRef = 157A6E5F2F347B64005D8554 /* TotalResultsCell.swift */; };
		157A6E652F347DDA005D8554 /* TotalResultViewModel.swift in Sources */ = {isa = PBXBuildFile; fileRef = 157A6E632F347DDA005D8554 /* TotalResultViewModel.swift */; };
		157A6E662F347DDA005D8554 /* TotalResultViewModel.swift in Sources */ = {isa = PBXBuildFile; fileRef = 157A6E632F347DDA005D8554 /* TotalResultViewModel.swift */; };
		157A6E672F347DDA005D8554 /* TotalResultViewModel.swift in Sources */ = {isa = PBXBuildFile; fileRef = 157A6E632F347DDA005D8554 /* TotalResultViewModel.swift */; };
		15C22DA12D95A2B300270813 /* CombineCocoa in Frameworks */ = {isa = PBXBuildFile; productRef = 15C22DA02D95A2B300270813 /* CombineCocoa */; };
		15C22DA42D95A2CE00270813 /* SnapKit in Frameworks */ = {isa = PBXBuildFile; productRef = 15C22DA32D95A2CE00270813 /* SnapKit */; };
		15C22DA72D95A2E700270813 /* CombineCocoa in Frameworks */ = {isa = PBXBuildFile; productRef = 15C22DA62D95A2E700270813 /* CombineCocoa */; };
		15C22DAA2D95A32E00270813 /* SnapshotTesting in Frameworks */ = {isa = PBXBuildFile; productRef = 15C22DA92D95A32E00270813 /* SnapshotTesting */; };
		15C22DAC2D95A33E00270813 /* CombineCocoa in Frameworks */ = {isa = PBXBuildFile; productRef = 15C22DAB2D95A33E00270813 /* CombineCocoa */; };
/* End PBXBuildFile section */

/* Begin PBXContainerItemProxy section */
		15C22D822D95A29A00270813 /* PBXContainerItemProxy */ = {
			isa = PBXContainerItemProxy;
			containerPortal = 15C22D632D95A29900270813 /* Project object */;
			proxyType = 1;
			remoteGlobalIDString = 15C22D6A2D95A29900270813;
			remoteInfo = "tip-calculator";
		};
		15C22D8C2D95A29A00270813 /* PBXContainerItemProxy */ = {
			isa = PBXContainerItemProxy;
			containerPortal = 15C22D632D95A29900270813 /* Project object */;
			proxyType = 1;
			remoteGlobalIDString = 15C22D6A2D95A29900270813;
			remoteInfo = "tip-calculator";
		};
/* End PBXContainerItemProxy section */

/* Begin PBXFileReference section */
		157A6E482F343524005D8554 /* MainTabBarViewController.swift */ = {isa = PBXFileReference; lastKnownFileType = sourcecode.swift; path = MainTabBarViewController.swift; sourceTree = "<group>"; };
		157A6E4E2F343658005D8554 /* MainUserInfoViewController.swift */ = {isa = PBXFileReference; lastKnownFileType = sourcecode.swift; path = MainUserInfoViewController.swift; sourceTree = "<group>"; };
		157A6E5A2F347015005D8554 /* TotalResultViewController.swift */ = {isa = PBXFileReference; lastKnownFileType = sourcecode.swift; path = TotalResultViewController.swift; sourceTree = "<group>"; };
		157A6E5F2F347B64005D8554 /* TotalResultsCell.swift */ = {isa = PBXFileReference; lastKnownFileType = sourcecode.swift; path = TotalResultsCell.swift; sourceTree = "<group>"; };
		157A6E632F347DDA005D8554 /* TotalResultViewModel.swift */ = {isa = PBXFileReference; lastKnownFileType = sourcecode.swift; path = TotalResultViewModel.swift; sourceTree = "<group>"; };
		15C22D6B2D95A29900270813 /* tip-calculator.app */ = {isa = PBXFileReference; explicitFileType = wrapper.application; includeInIndex = 0; path = "tip-calculator.app"; sourceTree = BUILT_PRODUCTS_DIR; };
		15C22D812D95A29A00270813 /* tip-calculatorTests.xctest */ = {isa = PBXFileReference; explicitFileType = wrapper.cfbundle; includeInIndex = 0; path = "tip-calculatorTests.xctest"; sourceTree = BUILT_PRODUCTS_DIR; };
		15C22D8B2D95A29A00270813 /* tip-calculatorUITests.xctest */ = {isa = PBXFileReference; explicitFileType = wrapper.cfbundle; includeInIndex = 0; path = "tip-calculatorUITests.xctest"; sourceTree = BUILT_PRODUCTS_DIR; };
/* End PBXFileReference section */

/* Begin PBXFileSystemSynchronizedBuildFileExceptionSet section */
		155DA6262DA5174200ACDC05 /* Exceptions for "tip-calculator" folder in "tip-calculatorUITests" target */ = {
			isa = PBXFileSystemSynchronizedBuildFileExceptionSet;
			membershipExceptions = (
				Factory/BaseResultInfoCell.swift,
				Model/ScreenIdentifier1.swift,
			);
			target = 15C22D8A2D95A29A00270813 /* tip-calculatorUITests */;
		};
		157A6E6C2F3483DD005D8554 /* Exceptions for "tip-calculator" folder in "tip-calculatorTests" target */ = {
			isa = PBXFileSystemSynchronizedBuildFileExceptionSet;
			membershipExceptions = (
				Factory/BaseResultInfoCell.swift,
			);
			target = 15C22D802D95A29A00270813 /* tip-calculatorTests */;
		};
		15C22D932D95A29A00270813 /* Exceptions for "tip-calculator" folder in "tip-calculator" target */ = {
			isa = PBXFileSystemSynchronizedBuildFileExceptionSet;
			membershipExceptions = (
				Info.plist,
			);
			target = 15C22D6A2D95A29900270813 /* tip-calculator */;
		};
/* End PBXFileSystemSynchronizedBuildFileExceptionSet section */

/* Begin PBXFileSystemSynchronizedRootGroup section */
		15C22D6D2D95A29900270813 /* tip-calculator */ = {
			isa = PBXFileSystemSynchronizedRootGroup;
			exceptions = (
				15C22D932D95A29A00270813 /* Exceptions for "tip-calculator" folder in "tip-calculator" target */,
				157A6E6C2F3483DD005D8554 /* Exceptions for "tip-calculator" folder in "tip-calculatorTests" target */,
				155DA6262DA5174200ACDC05 /* Exceptions for "tip-calculator" folder in "tip-calculatorUITests" target */,
			);
			path = "tip-calculator";
			sourceTree = "<group>";
		};
		15C22D842D95A29A00270813 /* tip-calculatorTests */ = {
			isa = PBXFileSystemSynchronizedRootGroup;
			path = "tip-calculatorTests";
			sourceTree = "<group>";
		};
		15C22D8E2D95A29A00270813 /* tip-calculatorUITests */ = {
			isa = PBXFileSystemSynchronizedRootGroup;
			path = "tip-calculatorUITests";
			sourceTree = "<group>";
		};
/* End PBXFileSystemSynchronizedRootGroup section */

/* Begin PBXFrameworksBuildPhase section */
		15C22D682D95A29900270813 /* Frameworks */ = {
			isa = PBXFrameworksBuildPhase;
			buildActionMask = 2147483647;
			files = (
				15C22DA12D95A2B300270813 /* CombineCocoa in Frameworks */,
				15C22DA42D95A2CE00270813 /* SnapKit in Frameworks */,
			);
			runOnlyForDeploymentPostprocessing = 0;
		};
		15C22D7E2D95A29A00270813 /* Frameworks */ = {
			isa = PBXFrameworksBuildPhase;
			buildActionMask = 2147483647;
			files = (
				15C22DA72D95A2E700270813 /* CombineCocoa in Frameworks */,
				15C22DAA2D95A32E00270813 /* SnapshotTesting in Frameworks */,
			);
			runOnlyForDeploymentPostprocessing = 0;
		};
		15C22D882D95A29A00270813 /* Frameworks */ = {
			isa = PBXFrameworksBuildPhase;
			buildActionMask = 2147483647;
			files = (
				15C22DAC2D95A33E00270813 /* CombineCocoa in Frameworks */,
			);
			runOnlyForDeploymentPostprocessing = 0;
		};
/* End PBXFrameworksBuildPhase section */

/* Begin PBXGroup section */
		157A6E472F343483005D8554 /* MainTabBar */ = {
			isa = PBXGroup;
			children = (
				157A6E482F343524005D8554 /* MainTabBarViewController.swift */,
			);
			path = MainTabBar;
			sourceTree = "<group>";
		};
		157A6E4C2F343634005D8554 /* MainUserInfo */ = {
			isa = PBXGroup;
			children = (
				157A6E4D2F343644005D8554 /* ViewController */,
			);
			path = MainUserInfo;
			sourceTree = "<group>";
		};
		157A6E4D2F343644005D8554 /* ViewController */ = {
			isa = PBXGroup;
			children = (
				157A6E4E2F343658005D8554 /* MainUserInfoViewController.swift */,
			);
			path = ViewController;
			sourceTree = "<group>";
		};
		157A6E582F346FD8005D8554 /* TotalResult */ = {
			isa = PBXGroup;
			children = (
				157A6E642F347DDA005D8554 /* ViewModel */,
				157A6E5E2F34797D005D8554 /* View */,
				157A6E592F346FFE005D8554 /* ViewController */,
			);
			path = TotalResult;
			sourceTree = "<group>";
		};
		157A6E592F346FFE005D8554 /* ViewController */ = {
			isa = PBXGroup;
			children = (
				157A6E5A2F347015005D8554 /* TotalResultViewController.swift */,
			);
			path = ViewController;
			sourceTree = "<group>";
		};
		157A6E5E2F34797D005D8554 /* View */ = {
			isa = PBXGroup;
			children = (
				157A6E5F2F347B64005D8554 /* TotalResultsCell.swift */,
			);
			path = View;
			sourceTree = "<group>";
		};
		157A6E642F347DDA005D8554 /* ViewModel */ = {
			isa = PBXGroup;
			children = (
				157A6E632F347DDA005D8554 /* TotalResultViewModel.swift */,
			);
			path = ViewModel;
			sourceTree = "<group>";
		};
		15C22D622D95A29900270813 = {
			isa = PBXGroup;
			children = (
				157A6E582F346FD8005D8554 /* TotalResult */,
				157A6E4C2F343634005D8554 /* MainUserInfo */,
				157A6E472F343483005D8554 /* MainTabBar */,
				15C22D6D2D95A29900270813 /* tip-calculator */,
				15C22D842D95A29A00270813 /* tip-calculatorTests */,
				15C22D8E2D95A29A00270813 /* tip-calculatorUITests */,
				15C22DA52D95A2E700270813 /* Frameworks */,
				15C22D6C2D95A29900270813 /* Products */,
			);
			sourceTree = "<group>";
		};
		15C22D6C2D95A29900270813 /* Products */ = {
			isa = PBXGroup;
			children = (
				15C22D6B2D95A29900270813 /* tip-calculator.app */,
				15C22D812D95A29A00270813 /* tip-calculatorTests.xctest */,
				15C22D8B2D95A29A00270813 /* tip-calculatorUITests.xctest */,
			);
			name = Products;
			sourceTree = "<group>";
		};
		15C22DA52D95A2E700270813 /* Frameworks */ = {
			isa = PBXGroup;
			children = (
			);
			name = Frameworks;
			sourceTree = "<group>";
		};
/* End PBXGroup section */

/* Begin PBXNativeTarget section */
		15C22D6A2D95A29900270813 /* tip-calculator */ = {
			isa = PBXNativeTarget;
			buildConfigurationList = 15C22D942D95A29A00270813 /* Build configuration list for PBXNativeTarget "tip-calculator" */;
			buildPhases = (
				15C22D672D95A29900270813 /* Sources */,
				15C22D682D95A29900270813 /* Frameworks */,
				15C22D692D95A29900270813 /* Resources */,
			);
			buildRules = (
			);
			dependencies = (
			);
			fileSystemSynchronizedGroups = (
				15C22D6D2D95A29900270813 /* tip-calculator */,
			);
			name = "tip-calculator";
			packageProductDependencies = (
				15C22DA02D95A2B300270813 /* CombineCocoa */,
				15C22DA32D95A2CE00270813 /* SnapKit */,
			);
			productName = "tip-calculator";
			productReference = 15C22D6B2D95A29900270813 /* tip-calculator.app */;
			productType = "com.apple.product-type.application";
		};
		15C22D802D95A29A00270813 /* tip-calculatorTests */ = {
			isa = PBXNativeTarget;
			buildConfigurationList = 15C22D992D95A29A00270813 /* Build configuration list for PBXNativeTarget "tip-calculatorTests" */;
			buildPhases = (
				15C22D7D2D95A29A00270813 /* Sources */,
				15C22D7E2D95A29A00270813 /* Frameworks */,
				15C22D7F2D95A29A00270813 /* Resources */,
			);
			buildRules = (
			);
			dependencies = (
				15C22D832D95A29A00270813 /* PBXTargetDependency */,
			);
			fileSystemSynchronizedGroups = (
				15C22D842D95A29A00270813 /* tip-calculatorTests */,
			);
			name = "tip-calculatorTests";
			packageProductDependencies = (
				15C22DA62D95A2E700270813 /* CombineCocoa */,
				15C22DA92D95A32E00270813 /* SnapshotTesting */,
			);
			productName = "tip-calculatorTests";
			productReference = 15C22D812D95A29A00270813 /* tip-calculatorTests.xctest */;
			productType = "com.apple.product-type.bundle.unit-test";
		};
		15C22D8A2D95A29A00270813 /* tip-calculatorUITests */ = {
			isa = PBXNativeTarget;
			buildConfigurationList = 15C22D9C2D95A29A00270813 /* Build configuration list for PBXNativeTarget "tip-calculatorUITests" */;
			buildPhases = (
				15C22D872D95A29A00270813 /* Sources */,
				15C22D882D95A29A00270813 /* Frameworks */,
				15C22D892D95A29A00270813 /* Resources */,
			);
			buildRules = (
			);
			dependencies = (
				15C22D8D2D95A29A00270813 /* PBXTargetDependency */,
			);
			fileSystemSynchronizedGroups = (
				15C22D8E2D95A29A00270813 /* tip-calculatorUITests */,
			);
			name = "tip-calculatorUITests";
			packageProductDependencies = (
				15C22DAB2D95A33E00270813 /* CombineCocoa */,
			);
			productName = "tip-calculatorUITests";
			productReference = 15C22D8B2D95A29A00270813 /* tip-calculatorUITests.xctest */;
			productType = "com.apple.product-type.bundle.ui-testing";
		};
/* End PBXNativeTarget section */

/* Begin PBXProject section */
		15C22D632D95A29900270813 /* Project object */ = {
			isa = PBXProject;
			attributes = {
				BuildIndependentTargetsInParallel = 1;
				LastSwiftUpdateCheck = 1620;
				LastUpgradeCheck = 2620;
				TargetAttributes = {
					15C22D6A2D95A29900270813 = {
						CreatedOnToolsVersion = 16.2;
					};
					15C22D802D95A29A00270813 = {
						CreatedOnToolsVersion = 16.2;
						TestTargetID = 15C22D6A2D95A29900270813;
					};
					15C22D8A2D95A29A00270813 = {
						CreatedOnToolsVersion = 16.2;
						TestTargetID = 15C22D6A2D95A29900270813;
					};
				};
			};
			buildConfigurationList = 15C22D662D95A29900270813 /* Build configuration list for PBXProject "tip-calculator" */;
			developmentRegion = en;
			hasScannedForEncodings = 0;
			knownRegions = (
				en,
				Base,
			);
			mainGroup = 15C22D622D95A29900270813;
			minimizedProjectReferenceProxies = 1;
			packageReferences = (
				15C22D9F2D95A2B300270813 /* XCRemoteSwiftPackageReference "CombineCocoa" */,
				15C22DA22D95A2CE00270813 /* XCRemoteSwiftPackageReference "SnapKit" */,
				15C22DA82D95A32E00270813 /* XCRemoteSwiftPackageReference "swift-snapshot-testing" */,
			);
			preferredProjectObjectVersion = 77;
			productRefGroup = 15C22D6C2D95A29900270813 /* Products */;
			projectDirPath = "";
			projectRoot = "";
			targets = (
				15C22D6A2D95A29900270813 /* tip-calculator */,
				15C22D802D95A29A00270813 /* tip-calculatorTests */,
				15C22D8A2D95A29A00270813 /* tip-calculatorUITests */,
			);
		};
/* End PBXProject section */

/* Begin PBXResourcesBuildPhase section */
		15C22D692D95A29900270813 /* Resources */ = {
			isa = PBXResourcesBuildPhase;
			buildActionMask = 2147483647;
			files = (
			);
			runOnlyForDeploymentPostprocessing = 0;
		};
		15C22D7F2D95A29A00270813 /* Resources */ = {
			isa = PBXResourcesBuildPhase;
			buildActionMask = 2147483647;
			files = (
			);
			runOnlyForDeploymentPostprocessing = 0;
		};
		15C22D892D95A29A00270813 /* Resources */ = {
			isa = PBXResourcesBuildPhase;
			buildActionMask = 2147483647;
			files = (
			);
			runOnlyForDeploymentPostprocessing = 0;
		};
/* End PBXResourcesBuildPhase section */

/* Begin PBXSourcesBuildPhase section */
		15C22D672D95A29900270813 /* Sources */ = {
			isa = PBXSourcesBuildPhase;
			buildActionMask = 2147483647;
			files = (
				157A6E4F2F343658005D8554 /* MainUserInfoViewController.swift in Sources */,
				157A6E492F343524005D8554 /* MainTabBarViewController.swift in Sources */,
				157A6E652F347DDA005D8554 /* TotalResultViewModel.swift in Sources */,
				157A6E602F347B64005D8554 /* TotalResultsCell.swift in Sources */,
				157A6E5B2F347015005D8554 /* TotalResultViewController.swift in Sources */,
			);
			runOnlyForDeploymentPostprocessing = 0;
		};
		15C22D7D2D95A29A00270813 /* Sources */ = {
			isa = PBXSourcesBuildPhase;
			buildActionMask = 2147483647;
			files = (
				157A6E672F347DDA005D8554 /* TotalResultViewModel.swift in Sources */,
				157A6E5C2F347015005D8554 /* TotalResultViewController.swift in Sources */,
				157A6E502F343658005D8554 /* MainUserInfoViewController.swift in Sources */,
				157A6E4A2F343524005D8554 /* MainTabBarViewController.swift in Sources */,
				157A6E622F347B64005D8554 /* TotalResultsCell.swift in Sources */,
			);
			runOnlyForDeploymentPostprocessing = 0;
		};
		15C22D872D95A29A00270813 /* Sources */ = {
			isa = PBXSourcesBuildPhase;
			buildActionMask = 2147483647;
			files = (
				157A6E5D2F347015005D8554 /* TotalResultViewController.swift in Sources */,
				157A6E512F343658005D8554 /* MainUserInfoViewController.swift in Sources */,
				157A6E4B2F343524005D8554 /* MainTabBarViewController.swift in Sources */,
				157A6E662F347DDA005D8554 /* TotalResultViewModel.swift in Sources */,
				157A6E612F347B64005D8554 /* TotalResultsCell.swift in Sources */,
			);
			runOnlyForDeploymentPostprocessing = 0;
		};
/* End PBXSourcesBuildPhase section */

/* Begin PBXTargetDependency section */
		15C22D832D95A29A00270813 /* PBXTargetDependency */ = {
			isa = PBXTargetDependency;
			target = 15C22D6A2D95A29900270813 /* tip-calculator */;
			targetProxy = 15C22D822D95A29A00270813 /* PBXContainerItemProxy */;
		};
		15C22D8D2D95A29A00270813 /* PBXTargetDependency */ = {
			isa = PBXTargetDependency;
			target = 15C22D6A2D95A29900270813 /* tip-calculator */;
			targetProxy = 15C22D8C2D95A29A00270813 /* PBXContainerItemProxy */;
		};
/* End PBXTargetDependency section */

/* Begin XCBuildConfiguration section */
		15C22D952D95A29A00270813 /* Debug */ = {
			isa = XCBuildConfiguration;
			buildSettings = {
				ASSETCATALOG_COMPILER_APPICON_NAME = AppIcon;
				ASSETCATALOG_COMPILER_GLOBAL_ACCENT_COLOR_NAME = AccentColor;
				CODE_SIGN_STYLE = Automatic;
				CURRENT_PROJECT_VERSION = 1;
				GENERATE_INFOPLIST_FILE = YES;
				INFOPLIST_FILE = "tip-calculator/Info.plist";
				INFOPLIST_KEY_UIApplicationSupportsIndirectInputEvents = YES;
				INFOPLIST_KEY_UILaunchStoryboardName = LaunchScreen;
				INFOPLIST_KEY_UISupportedInterfaceOrientations_iPad = "UIInterfaceOrientationPortrait UIInterfaceOrientationPortraitUpsideDown UIInterfaceOrientationLandscapeLeft UIInterfaceOrientationLandscapeRight";
				INFOPLIST_KEY_UISupportedInterfaceOrientations_iPhone = "UIInterfaceOrientationPortrait UIInterfaceOrientationLandscapeLeft UIInterfaceOrientationLandscapeRight";
				IPHONEOS_DEPLOYMENT_TARGET = 16.0;
				LD_RUNPATH_SEARCH_PATHS = (
					"$(inherited)",
					"@executable_path/Frameworks",
				);
				MARKETING_VERSION = 1.0;
				PRODUCT_BUNDLE_IDENTIFIER = "co.willyhsu.tip-calculator";
				PRODUCT_NAME = "$(TARGET_NAME)";
				SWIFT_EMIT_LOC_STRINGS = YES;
				SWIFT_VERSION = 5.0;
				TARGETED_DEVICE_FAMILY = "1,2";
			};
			name = Debug;
		};
		15C22D962D95A29A00270813 /* Release */ = {
			isa = XCBuildConfiguration;
			buildSettings = {
				ASSETCATALOG_COMPILER_APPICON_NAME = AppIcon;
				ASSETCATALOG_COMPILER_GLOBAL_ACCENT_COLOR_NAME = AccentColor;
				CODE_SIGN_STYLE = Automatic;
				CURRENT_PROJECT_VERSION = 1;
				GENERATE_INFOPLIST_FILE = YES;
				INFOPLIST_FILE = "tip-calculator/Info.plist";
				INFOPLIST_KEY_UIApplicationSupportsIndirectInputEvents = YES;
				INFOPLIST_KEY_UILaunchStoryboardName = LaunchScreen;
				INFOPLIST_KEY_UISupportedInterfaceOrientations_iPad = "UIInterfaceOrientationPortrait UIInterfaceOrientationPortraitUpsideDown UIInterfaceOrientationLandscapeLeft UIInterfaceOrientationLandscapeRight";
				INFOPLIST_KEY_UISupportedInterfaceOrientations_iPhone = "UIInterfaceOrientationPortrait UIInterfaceOrientationLandscapeLeft UIInterfaceOrientationLandscapeRight";
				IPHONEOS_DEPLOYMENT_TARGET = 16.0;
				LD_RUNPATH_SEARCH_PATHS = (
					"$(inherited)",
					"@executable_path/Frameworks",
				);
				MARKETING_VERSION = 1.0;
				PRODUCT_BUNDLE_IDENTIFIER = "co.willyhsu.tip-calculator";
				PRODUCT_NAME = "$(TARGET_NAME)";
				SWIFT_EMIT_LOC_STRINGS = YES;
				SWIFT_VERSION = 5.0;
				TARGETED_DEVICE_FAMILY = "1,2";
			};
			name = Release;
		};
		15C22D972D95A29A00270813 /* Debug */ = {
			isa = XCBuildConfiguration;
			buildSettings = {
				ALWAYS_SEARCH_USER_PATHS = NO;
				ASSETCATALOG_COMPILER_GENERATE_SWIFT_ASSET_SYMBOL_EXTENSIONS = YES;
				CLANG_ANALYZER_NONNULL = YES;
				CLANG_ANALYZER_NUMBER_OBJECT_CONVERSION = YES_AGGRESSIVE;
				CLANG_CXX_LANGUAGE_STANDARD = "gnu++20";
				CLANG_ENABLE_MODULES = YES;
				CLANG_ENABLE_OBJC_ARC = YES;
				CLANG_ENABLE_OBJC_WEAK = YES;
				CLANG_WARN_BLOCK_CAPTURE_AUTORELEASING = YES;
				CLANG_WARN_BOOL_CONVERSION = YES;
				CLANG_WARN_COMMA = YES;
				CLANG_WARN_CONSTANT_CONVERSION = YES;
				CLANG_WARN_DEPRECATED_OBJC_IMPLEMENTATIONS = YES;
				CLANG_WARN_DIRECT_OBJC_ISA_USAGE = YES_ERROR;
				CLANG_WARN_DOCUMENTATION_COMMENTS = YES;
				CLANG_WARN_EMPTY_BODY = YES;
				CLANG_WARN_ENUM_CONVERSION = YES;
				CLANG_WARN_INFINITE_RECURSION = YES;
				CLANG_WARN_INT_CONVERSION = YES;
				CLANG_WARN_NON_LITERAL_NULL_CONVERSION = YES;
				CLANG_WARN_OBJC_IMPLICIT_RETAIN_SELF = YES;
				CLANG_WARN_OBJC_LITERAL_CONVERSION = YES;
				CLANG_WARN_OBJC_ROOT_CLASS = YES_ERROR;
				CLANG_WARN_QUOTED_INCLUDE_IN_FRAMEWORK_HEADER = YES;
				CLANG_WARN_RANGE_LOOP_ANALYSIS = YES;
				CLANG_WARN_STRICT_PROTOTYPES = YES;
				CLANG_WARN_SUSPICIOUS_MOVE = YES;
				CLANG_WARN_UNGUARDED_AVAILABILITY = YES_AGGRESSIVE;
				CLANG_WARN_UNREACHABLE_CODE = YES;
				CLANG_WARN__DUPLICATE_METHOD_MATCH = YES;
				COPY_PHASE_STRIP = NO;
				DEBUG_INFORMATION_FORMAT = dwarf;
				DEVELOPMENT_TEAM = G5A93Q7SG9;
				ENABLE_STRICT_OBJC_MSGSEND = YES;
				ENABLE_TESTABILITY = YES;
				ENABLE_USER_SCRIPT_SANDBOXING = YES;
				GCC_C_LANGUAGE_STANDARD = gnu17;
				GCC_DYNAMIC_NO_PIC = NO;
				GCC_NO_COMMON_BLOCKS = YES;
				GCC_OPTIMIZATION_LEVEL = 0;
				GCC_PREPROCESSOR_DEFINITIONS = (
					"DEBUG=1",
					"$(inherited)",
				);
				GCC_WARN_64_TO_32_BIT_CONVERSION = YES;
				GCC_WARN_ABOUT_RETURN_TYPE = YES_ERROR;
				GCC_WARN_UNDECLARED_SELECTOR = YES;
				GCC_WARN_UNINITIALIZED_AUTOS = YES_AGGRESSIVE;
				GCC_WARN_UNUSED_FUNCTION = YES;
				GCC_WARN_UNUSED_VARIABLE = YES;
				IPHONEOS_DEPLOYMENT_TARGET = 18.2;
				LOCALIZATION_PREFERS_STRING_CATALOGS = YES;
				MTL_ENABLE_DEBUG_INFO = INCLUDE_SOURCE;
				MTL_FAST_MATH = YES;
				ONLY_ACTIVE_ARCH = YES;
				SDKROOT = iphoneos;
				STRING_CATALOG_GENERATE_SYMBOLS = YES;
				SWIFT_ACTIVE_COMPILATION_CONDITIONS = "DEBUG $(inherited)";
				SWIFT_OPTIMIZATION_LEVEL = "-Onone";
			};
			name = Debug;
		};
		15C22D982D95A29A00270813 /* Release */ = {
			isa = XCBuildConfiguration;
			buildSettings = {
				ALWAYS_SEARCH_USER_PATHS = NO;
				ASSETCATALOG_COMPILER_GENERATE_SWIFT_ASSET_SYMBOL_EXTENSIONS = YES;
				CLANG_ANALYZER_NONNULL = YES;
				CLANG_ANALYZER_NUMBER_OBJECT_CONVERSION = YES_AGGRESSIVE;
				CLANG_CXX_LANGUAGE_STANDARD = "gnu++20";
				CLANG_ENABLE_MODULES = YES;
				CLANG_ENABLE_OBJC_ARC = YES;
				CLANG_ENABLE_OBJC_WEAK = YES;
				CLANG_WARN_BLOCK_CAPTURE_AUTORELEASING = YES;
				CLANG_WARN_BOOL_CONVERSION = YES;
				CLANG_WARN_COMMA = YES;
				CLANG_WARN_CONSTANT_CONVERSION = YES;
				CLANG_WARN_DEPRECATED_OBJC_IMPLEMENTATIONS = YES;
				CLANG_WARN_DIRECT_OBJC_ISA_USAGE = YES_ERROR;
				CLANG_WARN_DOCUMENTATION_COMMENTS = YES;
				CLANG_WARN_EMPTY_BODY = YES;
				CLANG_WARN_ENUM_CONVERSION = YES;
				CLANG_WARN_INFINITE_RECURSION = YES;
				CLANG_WARN_INT_CONVERSION = YES;
				CLANG_WARN_NON_LITERAL_NULL_CONVERSION = YES;
				CLANG_WARN_OBJC_IMPLICIT_RETAIN_SELF = YES;
				CLANG_WARN_OBJC_LITERAL_CONVERSION = YES;
				CLANG_WARN_OBJC_ROOT_CLASS = YES_ERROR;
				CLANG_WARN_QUOTED_INCLUDE_IN_FRAMEWORK_HEADER = YES;
				CLANG_WARN_RANGE_LOOP_ANALYSIS = YES;
				CLANG_WARN_STRICT_PROTOTYPES = YES;
				CLANG_WARN_SUSPICIOUS_MOVE = YES;
				CLANG_WARN_UNGUARDED_AVAILABILITY = YES_AGGRESSIVE;
				CLANG_WARN_UNREACHABLE_CODE = YES;
				CLANG_WARN__DUPLICATE_METHOD_MATCH = YES;
				COPY_PHASE_STRIP = NO;
				DEBUG_INFORMATION_FORMAT = "dwarf-with-dsym";
				DEVELOPMENT_TEAM = G5A93Q7SG9;
				ENABLE_NS_ASSERTIONS = NO;
				ENABLE_STRICT_OBJC_MSGSEND = YES;
				ENABLE_USER_SCRIPT_SANDBOXING = YES;
				GCC_C_LANGUAGE_STANDARD = gnu17;
				GCC_NO_COMMON_BLOCKS = YES;
				GCC_WARN_64_TO_32_BIT_CONVERSION = YES;
				GCC_WARN_ABOUT_RETURN_TYPE = YES_ERROR;
				GCC_WARN_UNDECLARED_SELECTOR = YES;
				GCC_WARN_UNINITIALIZED_AUTOS = YES_AGGRESSIVE;
				GCC_WARN_UNUSED_FUNCTION = YES;
				GCC_WARN_UNUSED_VARIABLE = YES;
				IPHONEOS_DEPLOYMENT_TARGET = 18.2;
				LOCALIZATION_PREFERS_STRING_CATALOGS = YES;
				MTL_ENABLE_DEBUG_INFO = NO;
				MTL_FAST_MATH = YES;
				SDKROOT = iphoneos;
				STRING_CATALOG_GENERATE_SYMBOLS = YES;
				SWIFT_COMPILATION_MODE = wholemodule;
				VALIDATE_PRODUCT = YES;
			};
			name = Release;
		};
		15C22D9A2D95A29A00270813 /* Debug */ = {
			isa = XCBuildConfiguration;
			buildSettings = {
				BUNDLE_LOADER = "$(TEST_HOST)";
				CODE_SIGN_STYLE = Automatic;
				CURRENT_PROJECT_VERSION = 1;
				GENERATE_INFOPLIST_FILE = YES;
				IPHONEOS_DEPLOYMENT_TARGET = 18.2;
				MARKETING_VERSION = 1.0;
				PRODUCT_BUNDLE_IDENTIFIER = "co.willyhsu.tip-calculatorTests";
				PRODUCT_NAME = "$(TARGET_NAME)";
				SWIFT_EMIT_LOC_STRINGS = NO;
				SWIFT_VERSION = 5.0;
				TARGETED_DEVICE_FAMILY = "1,2";
				TEST_HOST = "$(BUILT_PRODUCTS_DIR)/tip-calculator.app/$(BUNDLE_EXECUTABLE_FOLDER_PATH)/tip-calculator";
			};
			name = Debug;
		};
		15C22D9B2D95A29A00270813 /* Release */ = {
			isa = XCBuildConfiguration;
			buildSettings = {
				BUNDLE_LOADER = "$(TEST_HOST)";
				CODE_SIGN_STYLE = Automatic;
				CURRENT_PROJECT_VERSION = 1;
				GENERATE_INFOPLIST_FILE = YES;
				IPHONEOS_DEPLOYMENT_TARGET = 18.2;
				MARKETING_VERSION = 1.0;
				PRODUCT_BUNDLE_IDENTIFIER = "co.willyhsu.tip-calculatorTests";
				PRODUCT_NAME = "$(TARGET_NAME)";
				SWIFT_EMIT_LOC_STRINGS = NO;
				SWIFT_VERSION = 5.0;
				TARGETED_DEVICE_FAMILY = "1,2";
				TEST_HOST = "$(BUILT_PRODUCTS_DIR)/tip-calculator.app/$(BUNDLE_EXECUTABLE_FOLDER_PATH)/tip-calculator";
			};
			name = Release;
		};
		15C22D9D2D95A29A00270813 /* Debug */ = {
			isa = XCBuildConfiguration;
			buildSettings = {
				CODE_SIGN_STYLE = Automatic;
				CURRENT_PROJECT_VERSION = 1;
				GENERATE_INFOPLIST_FILE = YES;
				MARKETING_VERSION = 1.0;
				PRODUCT_BUNDLE_IDENTIFIER = "co.willyhsu.tip-calculatorUITests";
				PRODUCT_NAME = "$(TARGET_NAME)";
				SWIFT_EMIT_LOC_STRINGS = NO;
				SWIFT_VERSION = 5.0;
				TARGETED_DEVICE_FAMILY = "1,2";
				TEST_TARGET_NAME = "tip-calculator";
			};
			name = Debug;
		};
		15C22D9E2D95A29A00270813 /* Release */ = {
			isa = XCBuildConfiguration;
			buildSettings = {
				CODE_SIGN_STYLE = Automatic;
				CURRENT_PROJECT_VERSION = 1;
				GENERATE_INFOPLIST_FILE = YES;
				MARKETING_VERSION = 1.0;
				PRODUCT_BUNDLE_IDENTIFIER = "co.willyhsu.tip-calculatorUITests";
				PRODUCT_NAME = "$(TARGET_NAME)";
				SWIFT_EMIT_LOC_STRINGS = NO;
				SWIFT_VERSION = 5.0;
				TARGETED_DEVICE_FAMILY = "1,2";
				TEST_TARGET_NAME = "tip-calculator";
			};
			name = Release;
		};
/* End XCBuildConfiguration section */

/* Begin XCConfigurationList section */
		15C22D662D95A29900270813 /* Build configuration list for PBXProject "tip-calculator" */ = {
			isa = XCConfigurationList;
			buildConfigurations = (
				15C22D972D95A29A00270813 /* Debug */,
				15C22D982D95A29A00270813 /* Release */,
			);
			defaultConfigurationIsVisible = 0;
			defaultConfigurationName = Release;
		};
		15C22D942D95A29A00270813 /* Build configuration list for PBXNativeTarget "tip-calculator" */ = {
			isa = XCConfigurationList;
			buildConfigurations = (
				15C22D952D95A29A00270813 /* Debug */,
				15C22D962D95A29A00270813 /* Release */,
			);
			defaultConfigurationIsVisible = 0;
			defaultConfigurationName = Release;
		};
		15C22D992D95A29A00270813 /* Build configuration list for PBXNativeTarget "tip-calculatorTests" */ = {
			isa = XCConfigurationList;
			buildConfigurations = (
				15C22D9A2D95A29A00270813 /* Debug */,
				15C22D9B2D95A29A00270813 /* Release */,
			);
			defaultConfigurationIsVisible = 0;
			defaultConfigurationName = Release;
		};
		15C22D9C2D95A29A00270813 /* Build configuration list for PBXNativeTarget "tip-calculatorUITests" */ = {
			isa = XCConfigurationList;
			buildConfigurations = (
				15C22D9D2D95A29A00270813 /* Debug */,
				15C22D9E2D95A29A00270813 /* Release */,
			);
			defaultConfigurationIsVisible = 0;
			defaultConfigurationName = Release;
		};
/* End XCConfigurationList section */

/* Begin XCRemoteSwiftPackageReference section */
		15C22D9F2D95A2B300270813 /* XCRemoteSwiftPackageReference "CombineCocoa" */ = {
			isa = XCRemoteSwiftPackageReference;
			repositoryURL = "https://github.com/CombineCommunity/CombineCocoa";
			requirement = {
				kind = upToNextMajorVersion;
				minimumVersion = 0.4.1;
			};
		};
		15C22DA22D95A2CE00270813 /* XCRemoteSwiftPackageReference "SnapKit" */ = {
			isa = XCRemoteSwiftPackageReference;
			repositoryURL = "https://github.com/SnapKit/SnapKit";
			requirement = {
				kind = upToNextMajorVersion;
				minimumVersion = 5.7.1;
			};
		};
		15C22DA82D95A32E00270813 /* XCRemoteSwiftPackageReference "swift-snapshot-testing" */ = {
			isa = XCRemoteSwiftPackageReference;
			repositoryURL = "https://github.com/pointfreeco/swift-snapshot-testing";
			requirement = {
				kind = upToNextMajorVersion;
				minimumVersion = 1.18.1;
			};
		};
/* End XCRemoteSwiftPackageReference section */

/* Begin XCSwiftPackageProductDependency section */
		15C22DA02D95A2B300270813 /* CombineCocoa */ = {
			isa = XCSwiftPackageProductDependency;
			package = 15C22D9F2D95A2B300270813 /* XCRemoteSwiftPackageReference "CombineCocoa" */;
			productName = CombineCocoa;
		};
		15C22DA32D95A2CE00270813 /* SnapKit */ = {
			isa = XCSwiftPackageProductDependency;
			package = 15C22DA22D95A2CE00270813 /* XCRemoteSwiftPackageReference "SnapKit" */;
			productName = SnapKit;
		};
		15C22DA62D95A2E700270813 /* CombineCocoa */ = {
			isa = XCSwiftPackageProductDependency;
			package = 15C22D9F2D95A2B300270813 /* XCRemoteSwiftPackageReference "CombineCocoa" */;
			productName = CombineCocoa;
		};
		15C22DA92D95A32E00270813 /* SnapshotTesting */ = {
			isa = XCSwiftPackageProductDependency;
			package = 15C22DA82D95A32E00270813 /* XCRemoteSwiftPackageReference "swift-snapshot-testing" */;
			productName = SnapshotTesting;
		};
		15C22DAB2D95A33E00270813 /* CombineCocoa */ = {
			isa = XCSwiftPackageProductDependency;
			package = 15C22D9F2D95A2B300270813 /* XCRemoteSwiftPackageReference "CombineCocoa" */;
			productName = CombineCocoa;
		};
/* End XCSwiftPackageProductDependency section */
	};
	rootObject = 15C22D632D95A29900270813 /* Project object */;
}
